// !$*UTF8*$!
{
	archiveVersion = 1;
	classes = {
	};
	objectVersion = 46;
	objects = {

/* Begin PBXBuildFile section */
		BA1B3C751D9D0D0D00B3F5F6 /* colors.txt in Resources */ = {isa = PBXBuildFile; fileRef = BA1B3C741D9D0D0D00B3F5F6 /* colors.txt */; };
		BA3319B31D9E1E2D006BB2A3 /* Lepaoquan-URL.swift in Sources */ = {isa = PBXBuildFile; fileRef = BA3319B21D9E1E2D006BB2A3 /* Lepaoquan-URL.swift */; };
		BA3319B51D9E1E3D006BB2A3 /* Lepaoquan-Notification.swift in Sources */ = {isa = PBXBuildFile; fileRef = BA3319B41D9E1E3D006BB2A3 /* Lepaoquan-Notification.swift */; };
		BA3319B71D9E1E63006BB2A3 /* Lepaoquan-Define.swift in Sources */ = {isa = PBXBuildFile; fileRef = BA3319B61D9E1E63006BB2A3 /* Lepaoquan-Define.swift */; };
		BA3319D21D9E2149006BB2A3 /* Array_Extension.swift in Sources */ = {isa = PBXBuildFile; fileRef = BA3319BB1D9E2149006BB2A3 /* Array_Extension.swift */; };
		BA3319D41D9E2149006BB2A3 /* LepaoquanAlertView.swift in Sources */ = {isa = PBXBuildFile; fileRef = BA3319BD1D9E2149006BB2A3 /* LepaoquanAlertView.swift */; };
		BA3319D61D9E2149006BB2A3 /* Font_Extension.swift in Sources */ = {isa = PBXBuildFile; fileRef = BA3319BF1D9E2149006BB2A3 /* Font_Extension.swift */; };
		BA3319DA1D9E2149006BB2A3 /* LogoutCleanObj.swift in Sources */ = {isa = PBXBuildFile; fileRef = BA3319C31D9E2149006BB2A3 /* LogoutCleanObj.swift */; };
		BA3319DF1D9E2149006BB2A3 /* NSUserDefaultsExtension.swift in Sources */ = {isa = PBXBuildFile; fileRef = BA3319C81D9E2149006BB2A3 /* NSUserDefaultsExtension.swift */; };
		BA3319E41D9E2149006BB2A3 /* UIImageExtension.swift in Sources */ = {isa = PBXBuildFile; fileRef = BA3319CD1D9E2149006BB2A3 /* UIImageExtension.swift */; };
		BA3C9BE71D9D010B004477F9 /* Main.storyboard in Resources */ = {isa = PBXBuildFile; fileRef = BA3C9BE51D9D010B004477F9 /* Main.storyboard */; };
		BA3C9BEC1D9D010B004477F9 /* Assets.xcassets in Resources */ = {isa = PBXBuildFile; fileRef = BA3C9BEB1D9D010B004477F9 /* Assets.xcassets */; };
		BA3C9BEF1D9D010B004477F9 /* LaunchScreen.storyboard in Resources */ = {isa = PBXBuildFile; fileRef = BA3C9BED1D9D010B004477F9 /* LaunchScreen.storyboard */; };
		BA3C9BFA1D9D010B004477F9 /* lepaoquanTests.swift in Sources */ = {isa = PBXBuildFile; fileRef = BA3C9BF91D9D010B004477F9 /* lepaoquanTests.swift */; };
		BA3C9C051D9D010B004477F9 /* lepaoquanUITests.swift in Sources */ = {isa = PBXBuildFile; fileRef = BA3C9C041D9D010B004477F9 /* lepaoquanUITests.swift */; };
		BAA959D61D9D102E00A8FFD2 /* Localizable.strings in Resources */ = {isa = PBXBuildFile; fileRef = BAA959D31D9D102E00A8FFD2 /* Localizable.strings */; };
		BAA959DB1D9D127800A8FFD2 /* JavaScriptCore.framework in Frameworks */ = {isa = PBXBuildFile; fileRef = BAA959DA1D9D127800A8FFD2 /* JavaScriptCore.framework */; };
		BAA959DD1D9D130400A8FFD2 /* SystemConfiguration.framework in Frameworks */ = {isa = PBXBuildFile; fileRef = BAA959DC1D9D130400A8FFD2 /* SystemConfiguration.framework */; };
		BAA959DF1D9D130B00A8FFD2 /* AVFoundation.framework in Frameworks */ = {isa = PBXBuildFile; fileRef = BAA959DE1D9D130B00A8FFD2 /* AVFoundation.framework */; };
		BAA959E11D9D131B00A8FFD2 /* CoreMotion.framework in Frameworks */ = {isa = PBXBuildFile; fileRef = BAA959E01D9D131B00A8FFD2 /* CoreMotion.framework */; };
		BAA959E31D9D132300A8FFD2 /* OpenGLES.framework in Frameworks */ = {isa = PBXBuildFile; fileRef = BAA959E21D9D132300A8FFD2 /* OpenGLES.framework */; };
		BAA959E51D9D132F00A8FFD2 /* CoreMedia.framework in Frameworks */ = {isa = PBXBuildFile; fileRef = BAA959E41D9D132F00A8FFD2 /* CoreMedia.framework */; };
		BAA959E71D9D133800A8FFD2 /* CoreVideo.framework in Frameworks */ = {isa = PBXBuildFile; fileRef = BAA959E61D9D133800A8FFD2 /* CoreVideo.framework */; };
		BAA959E91D9D134800A8FFD2 /* libsqlite3.tbd in Frameworks */ = {isa = PBXBuildFile; fileRef = BAA959E81D9D134800A8FFD2 /* libsqlite3.tbd */; };
		BAA959EB1D9D134F00A8FFD2 /* CoreText.framework in Frameworks */ = {isa = PBXBuildFile; fileRef = BAA959EA1D9D134F00A8FFD2 /* CoreText.framework */; };
		BAA959ED1D9D135700A8FFD2 /* CoreTelephony.framework in Frameworks */ = {isa = PBXBuildFile; fileRef = BAA959EC1D9D135700A8FFD2 /* CoreTelephony.framework */; };
		BAA959EF1D9D135E00A8FFD2 /* Security.framework in Frameworks */ = {isa = PBXBuildFile; fileRef = BAA959EE1D9D135E00A8FFD2 /* Security.framework */; };
		BAA959F11D9D136500A8FFD2 /* libz.1.2.5.tbd in Frameworks */ = {isa = PBXBuildFile; fileRef = BAA959F01D9D136500A8FFD2 /* libz.1.2.5.tbd */; };
		BAA959F31D9D137500A8FFD2 /* QuartzCore.framework in Frameworks */ = {isa = PBXBuildFile; fileRef = BAA959F21D9D137500A8FFD2 /* QuartzCore.framework */; };
		BAA95A191D9D155700A8FFD2 /* BaseViewController.swift in Sources */ = {isa = PBXBuildFile; fileRef = BAA95A171D9D155700A8FFD2 /* BaseViewController.swift */; };
		BAED22621D9E4FCB009DE969 /* TabbarViewController.swift in Sources */ = {isa = PBXBuildFile; fileRef = BAED22611D9E4FCB009DE969 /* TabbarViewController.swift */; };
		BAED22641D9E5018009DE969 /* ADViewController.swift in Sources */ = {isa = PBXBuildFile; fileRef = BAED22631D9E5018009DE969 /* ADViewController.swift */; };
		BAED22BC1D9E5291009DE969 /* LICENSE in Resources */ = {isa = PBXBuildFile; fileRef = BAED226C1D9E5291009DE969 /* LICENSE */; };
		BAED22BD1D9E5291009DE969 /* MJRefreshAutoFooter.m in Sources */ = {isa = PBXBuildFile; fileRef = BAED22701D9E5291009DE969 /* MJRefreshAutoFooter.m */; };
		BAED22BE1D9E5291009DE969 /* MJRefreshBackFooter.m in Sources */ = {isa = PBXBuildFile; fileRef = BAED22721D9E5291009DE969 /* MJRefreshBackFooter.m */; };
		BAED22BF1D9E5291009DE969 /* MJRefreshComponent.m in Sources */ = {isa = PBXBuildFile; fileRef = BAED22741D9E5291009DE969 /* MJRefreshComponent.m */; };
		BAED22C01D9E5291009DE969 /* MJRefreshFooter.m in Sources */ = {isa = PBXBuildFile; fileRef = BAED22761D9E5291009DE969 /* MJRefreshFooter.m */; };
		BAED22C11D9E5291009DE969 /* MJRefreshHeader.m in Sources */ = {isa = PBXBuildFile; fileRef = BAED22781D9E5291009DE969 /* MJRefreshHeader.m */; };
		BAED22C21D9E5291009DE969 /* MJRefreshAutoGifFooter.m in Sources */ = {isa = PBXBuildFile; fileRef = BAED227D1D9E5291009DE969 /* MJRefreshAutoGifFooter.m */; };
		BAED22C31D9E5291009DE969 /* MJRefreshAutoNormalFooter.m in Sources */ = {isa = PBXBuildFile; fileRef = BAED227F1D9E5291009DE969 /* MJRefreshAutoNormalFooter.m */; };
		BAED22C41D9E5291009DE969 /* MJRefreshAutoStateFooter.m in Sources */ = {isa = PBXBuildFile; fileRef = BAED22811D9E5291009DE969 /* MJRefreshAutoStateFooter.m */; };
		BAED22C51D9E5291009DE969 /* MJRefreshBackGifFooter.m in Sources */ = {isa = PBXBuildFile; fileRef = BAED22841D9E5291009DE969 /* MJRefreshBackGifFooter.m */; };
		BAED22C61D9E5291009DE969 /* MJRefreshBackNormalFooter.m in Sources */ = {isa = PBXBuildFile; fileRef = BAED22861D9E5291009DE969 /* MJRefreshBackNormalFooter.m */; };
		BAED22C71D9E5291009DE969 /* MJRefreshBackStateFooter.m in Sources */ = {isa = PBXBuildFile; fileRef = BAED22881D9E5291009DE969 /* MJRefreshBackStateFooter.m */; };
		BAED22C81D9E5291009DE969 /* MJRefreshGifHeader.m in Sources */ = {isa = PBXBuildFile; fileRef = BAED228B1D9E5291009DE969 /* MJRefreshGifHeader.m */; };
		BAED22C91D9E5291009DE969 /* MJRefreshNormalHeader.m in Sources */ = {isa = PBXBuildFile; fileRef = BAED228D1D9E5291009DE969 /* MJRefreshNormalHeader.m */; };
		BAED22CA1D9E5291009DE969 /* MJRefreshStateHeader.m in Sources */ = {isa = PBXBuildFile; fileRef = BAED228F1D9E5291009DE969 /* MJRefreshStateHeader.m */; };
		BAED22CB1D9E5291009DE969 /* MJRefresh.bundle in Resources */ = {isa = PBXBuildFile; fileRef = BAED22901D9E5291009DE969 /* MJRefresh.bundle */; };
		BAED22CC1D9E5291009DE969 /* MJRefreshConst.m in Sources */ = {isa = PBXBuildFile; fileRef = BAED22931D9E5291009DE969 /* MJRefreshConst.m */; };
		BAED22CD1D9E5291009DE969 /* UIScrollView+MJExtension.m in Sources */ = {isa = PBXBuildFile; fileRef = BAED22951D9E5291009DE969 /* UIScrollView+MJExtension.m */; };
		BAED22CE1D9E5291009DE969 /* UIScrollView+MJRefresh.m in Sources */ = {isa = PBXBuildFile; fileRef = BAED22971D9E5291009DE969 /* UIScrollView+MJRefresh.m */; };
		BAED22CF1D9E5291009DE969 /* UIView+MJExtension.m in Sources */ = {isa = PBXBuildFile; fileRef = BAED22991D9E5291009DE969 /* UIView+MJExtension.m */; };
		BAED22D01D9E5291009DE969 /* README.md in Sources */ = {isa = PBXBuildFile; fileRef = BAED229A1D9E5291009DE969 /* README.md */; };
		BAED22D11D9E5291009DE969 /* LICENSE in Resources */ = {isa = PBXBuildFile; fileRef = BAED229C1D9E5291009DE969 /* LICENSE */; };
		BAED22D21D9E5291009DE969 /* README.md in Sources */ = {isa = PBXBuildFile; fileRef = BAED229D1D9E5291009DE969 /* README.md */; };
		BAED22D31D9E5291009DE969 /* NSData+ImageContentType.m in Sources */ = {isa = PBXBuildFile; fileRef = BAED22A01D9E5291009DE969 /* NSData+ImageContentType.m */; };
		BAED22D41D9E5291009DE969 /* SDImageCache.m in Sources */ = {isa = PBXBuildFile; fileRef = BAED22A21D9E5291009DE969 /* SDImageCache.m */; };
		BAED22D51D9E5291009DE969 /* SDWebImageCompat.m in Sources */ = {isa = PBXBuildFile; fileRef = BAED22A41D9E5291009DE969 /* SDWebImageCompat.m */; };
		BAED22D61D9E5291009DE969 /* SDWebImageDecoder.m in Sources */ = {isa = PBXBuildFile; fileRef = BAED22A61D9E5291009DE969 /* SDWebImageDecoder.m */; };
		BAED22D71D9E5291009DE969 /* SDWebImageDownloader.m in Sources */ = {isa = PBXBuildFile; fileRef = BAED22A81D9E5291009DE969 /* SDWebImageDownloader.m */; };
		BAED22D81D9E5291009DE969 /* SDWebImageDownloaderOperation.m in Sources */ = {isa = PBXBuildFile; fileRef = BAED22AA1D9E5291009DE969 /* SDWebImageDownloaderOperation.m */; };
		BAED22D91D9E5291009DE969 /* SDWebImageManager.m in Sources */ = {isa = PBXBuildFile; fileRef = BAED22AC1D9E5291009DE969 /* SDWebImageManager.m */; };
		BAED22DA1D9E5291009DE969 /* SDWebImagePrefetcher.m in Sources */ = {isa = PBXBuildFile; fileRef = BAED22AF1D9E5291009DE969 /* SDWebImagePrefetcher.m */; };
		BAED22DB1D9E5291009DE969 /* UIButton+WebCache.m in Sources */ = {isa = PBXBuildFile; fileRef = BAED22B11D9E5291009DE969 /* UIButton+WebCache.m */; };
		BAED22DC1D9E5291009DE969 /* UIImage+GIF.m in Sources */ = {isa = PBXBuildFile; fileRef = BAED22B31D9E5291009DE969 /* UIImage+GIF.m */; };
		BAED22DD1D9E5291009DE969 /* UIImage+MultiFormat.m in Sources */ = {isa = PBXBuildFile; fileRef = BAED22B51D9E5291009DE969 /* UIImage+MultiFormat.m */; };
		BAED22DE1D9E5291009DE969 /* UIImageView+HighlightedWebCache.m in Sources */ = {isa = PBXBuildFile; fileRef = BAED22B71D9E5291009DE969 /* UIImageView+HighlightedWebCache.m */; };
		BAED22DF1D9E5291009DE969 /* UIImageView+WebCache.m in Sources */ = {isa = PBXBuildFile; fileRef = BAED22B91D9E5291009DE969 /* UIImageView+WebCache.m */; };
		BAED22E01D9E5291009DE969 /* UIView+WebCacheOperation.m in Sources */ = {isa = PBXBuildFile; fileRef = BAED22BB1D9E5291009DE969 /* UIView+WebCacheOperation.m */; };
		BAED22E21D9E54F4009DE969 /* GuideViewController.swift in Sources */ = {isa = PBXBuildFile; fileRef = BAED22E11D9E54F4009DE969 /* GuideViewController.swift */; };
		BAED22E41D9E5512009DE969 /* AppDelegate.swift in Sources */ = {isa = PBXBuildFile; fileRef = BAED22E31D9E5512009DE969 /* AppDelegate.swift */; };
		BAED22E81D9E60F5009DE969 /* MineViewController.swift in Sources */ = {isa = PBXBuildFile; fileRef = BAED22E71D9E60F5009DE969 /* MineViewController.swift */; };
		BAED22EA1D9E6107009DE969 /* Login.storyboard in Resources */ = {isa = PBXBuildFile; fileRef = BAED22E91D9E6107009DE969 /* Login.storyboard */; };
		BAED22EC1D9E610F009DE969 /* Home.storyboard in Resources */ = {isa = PBXBuildFile; fileRef = BAED22EB1D9E610F009DE969 /* Home.storyboard */; };
		BAED22EE1D9E6123009DE969 /* HomeViewController.swift in Sources */ = {isa = PBXBuildFile; fileRef = BAED22ED1D9E6123009DE969 /* HomeViewController.swift */; };
		BAED22FC1D9E619A009DE969 /* Mine.storyboard in Resources */ = {isa = PBXBuildFile; fileRef = BAED22FB1D9E619A009DE969 /* Mine.storyboard */; };
		BAED22FE1D9E61A4009DE969 /* Activity.storyboard in Resources */ = {isa = PBXBuildFile; fileRef = BAED22FD1D9E61A4009DE969 /* Activity.storyboard */; };
		BAED23001D9E61B1009DE969 /* Wallet.storyboard in Resources */ = {isa = PBXBuildFile; fileRef = BAED22FF1D9E61B1009DE969 /* Wallet.storyboard */; };
		BAED23041D9E64DD009DE969 /* WalletViewController.swift in Sources */ = {isa = PBXBuildFile; fileRef = BAED23031D9E64DD009DE969 /* WalletViewController.swift */; };
		BAED23061D9E651D009DE969 /* ActivityViewController.swift in Sources */ = {isa = PBXBuildFile; fileRef = BAED23051D9E651D009DE969 /* ActivityViewController.swift */; };
		BAF964591D9D041900A310C4 /* ColorsDefine.swift in Sources */ = {isa = PBXBuildFile; fileRef = BAF9644B1D9D041900A310C4 /* ColorsDefine.swift */; };
		BAF9645A1D9D041900A310C4 /* ImageDefine.swift in Sources */ = {isa = PBXBuildFile; fileRef = BAF9644C1D9D041900A310C4 /* ImageDefine.swift */; };
		BAF9645B1D9D041900A310C4 /* LocalizableDefine.swift in Sources */ = {isa = PBXBuildFile; fileRef = BAF9644D1D9D041900A310C4 /* LocalizableDefine.swift */; };
		BAF9645C1D9D041900A310C4 /* StoryboardDefine.swift in Sources */ = {isa = PBXBuildFile; fileRef = BAF9644E1D9D041900A310C4 /* StoryboardDefine.swift */; };
/* End PBXBuildFile section */

/* Begin PBXContainerItemProxy section */
		BA3C9BF61D9D010B004477F9 /* PBXContainerItemProxy */ = {
			isa = PBXContainerItemProxy;
			containerPortal = BA3C9BD61D9D010B004477F9 /* Project object */;
			proxyType = 1;
			remoteGlobalIDString = BA3C9BDD1D9D010B004477F9;
			remoteInfo = lepaoquan;
		};
		BA3C9C011D9D010B004477F9 /* PBXContainerItemProxy */ = {
			isa = PBXContainerItemProxy;
			containerPortal = BA3C9BD61D9D010B004477F9 /* Project object */;
			proxyType = 1;
			remoteGlobalIDString = BA3C9BDD1D9D010B004477F9;
			remoteInfo = lepaoquan;
		};
/* End PBXContainerItemProxy section */

/* Begin PBXFileReference section */
		BA1B3C741D9D0D0D00B3F5F6 /* colors.txt */ = {isa = PBXFileReference; fileEncoding = 4; lastKnownFileType = text; path = colors.txt; sourceTree = "<group>"; };
		BA3319B21D9E1E2D006BB2A3 /* Lepaoquan-URL.swift */ = {isa = PBXFileReference; fileEncoding = 4; lastKnownFileType = sourcecode.swift; path = "Lepaoquan-URL.swift"; sourceTree = "<group>"; };
		BA3319B41D9E1E3D006BB2A3 /* Lepaoquan-Notification.swift */ = {isa = PBXFileReference; fileEncoding = 4; lastKnownFileType = sourcecode.swift; path = "Lepaoquan-Notification.swift"; sourceTree = "<group>"; };
		BA3319B61D9E1E63006BB2A3 /* Lepaoquan-Define.swift */ = {isa = PBXFileReference; fileEncoding = 4; lastKnownFileType = sourcecode.swift; path = "Lepaoquan-Define.swift"; sourceTree = "<group>"; };
		BA3319BB1D9E2149006BB2A3 /* Array_Extension.swift */ = {isa = PBXFileReference; fileEncoding = 4; lastKnownFileType = sourcecode.swift; path = Array_Extension.swift; sourceTree = "<group>"; };
		BA3319BD1D9E2149006BB2A3 /* LepaoquanAlertView.swift */ = {isa = PBXFileReference; fileEncoding = 4; lastKnownFileType = sourcecode.swift; path = LepaoquanAlertView.swift; sourceTree = "<group>"; };
		BA3319BF1D9E2149006BB2A3 /* Font_Extension.swift */ = {isa = PBXFileReference; fileEncoding = 4; lastKnownFileType = sourcecode.swift; path = Font_Extension.swift; sourceTree = "<group>"; };
		BA3319C31D9E2149006BB2A3 /* LogoutCleanObj.swift */ = {isa = PBXFileReference; fileEncoding = 4; lastKnownFileType = sourcecode.swift; path = LogoutCleanObj.swift; sourceTree = "<group>"; };
		BA3319C81D9E2149006BB2A3 /* NSUserDefaultsExtension.swift */ = {isa = PBXFileReference; fileEncoding = 4; lastKnownFileType = sourcecode.swift; path = NSUserDefaultsExtension.swift; sourceTree = "<group>"; };
		BA3319CD1D9E2149006BB2A3 /* UIImageExtension.swift */ = {isa = PBXFileReference; fileEncoding = 4; lastKnownFileType = sourcecode.swift; path = UIImageExtension.swift; sourceTree = "<group>"; };
		BA3C9BDE1D9D010B004477F9 /* lepaoquan.app */ = {isa = PBXFileReference; explicitFileType = wrapper.application; includeInIndex = 0; path = lepaoquan.app; sourceTree = BUILT_PRODUCTS_DIR; };
		BA3C9BE61D9D010B004477F9 /* Base */ = {isa = PBXFileReference; lastKnownFileType = file.storyboard; name = Base; path = Base.lproj/Main.storyboard; sourceTree = "<group>"; };
		BA3C9BEB1D9D010B004477F9 /* Assets.xcassets */ = {isa = PBXFileReference; lastKnownFileType = folder.assetcatalog; path = Assets.xcassets; sourceTree = "<group>"; };
		BA3C9BEE1D9D010B004477F9 /* Base */ = {isa = PBXFileReference; lastKnownFileType = file.storyboard; name = Base; path = Base.lproj/LaunchScreen.storyboard; sourceTree = "<group>"; };
		BA3C9BF01D9D010B004477F9 /* Info.plist */ = {isa = PBXFileReference; lastKnownFileType = text.plist.xml; path = Info.plist; sourceTree = "<group>"; };
		BA3C9BF51D9D010B004477F9 /* lepaoquanTests.xctest */ = {isa = PBXFileReference; explicitFileType = wrapper.cfbundle; includeInIndex = 0; path = lepaoquanTests.xctest; sourceTree = BUILT_PRODUCTS_DIR; };
		BA3C9BF91D9D010B004477F9 /* lepaoquanTests.swift */ = {isa = PBXFileReference; lastKnownFileType = sourcecode.swift; path = lepaoquanTests.swift; sourceTree = "<group>"; };
		BA3C9BFB1D9D010B004477F9 /* Info.plist */ = {isa = PBXFileReference; lastKnownFileType = text.plist.xml; path = Info.plist; sourceTree = "<group>"; };
		BA3C9C001D9D010B004477F9 /* lepaoquanUITests.xctest */ = {isa = PBXFileReference; explicitFileType = wrapper.cfbundle; includeInIndex = 0; path = lepaoquanUITests.xctest; sourceTree = BUILT_PRODUCTS_DIR; };
		BA3C9C041D9D010B004477F9 /* lepaoquanUITests.swift */ = {isa = PBXFileReference; lastKnownFileType = sourcecode.swift; path = lepaoquanUITests.swift; sourceTree = "<group>"; };
		BA3C9C061D9D010B004477F9 /* Info.plist */ = {isa = PBXFileReference; lastKnownFileType = text.plist.xml; path = Info.plist; sourceTree = "<group>"; };
		BAA959D41D9D102E00A8FFD2 /* Base */ = {isa = PBXFileReference; lastKnownFileType = text.plist.strings; name = Base; path = Base.lproj/Localizable.strings; sourceTree = "<group>"; };
		BAA959DA1D9D127800A8FFD2 /* JavaScriptCore.framework */ = {isa = PBXFileReference; lastKnownFileType = wrapper.framework; name = JavaScriptCore.framework; path = System/Library/Frameworks/JavaScriptCore.framework; sourceTree = SDKROOT; };
		BAA959DC1D9D130400A8FFD2 /* SystemConfiguration.framework */ = {isa = PBXFileReference; lastKnownFileType = wrapper.framework; name = SystemConfiguration.framework; path = System/Library/Frameworks/SystemConfiguration.framework; sourceTree = SDKROOT; };
		BAA959DE1D9D130B00A8FFD2 /* AVFoundation.framework */ = {isa = PBXFileReference; lastKnownFileType = wrapper.framework; name = AVFoundation.framework; path = System/Library/Frameworks/AVFoundation.framework; sourceTree = SDKROOT; };
		BAA959E01D9D131B00A8FFD2 /* CoreMotion.framework */ = {isa = PBXFileReference; lastKnownFileType = wrapper.framework; name = CoreMotion.framework; path = System/Library/Frameworks/CoreMotion.framework; sourceTree = SDKROOT; };
		BAA959E21D9D132300A8FFD2 /* OpenGLES.framework */ = {isa = PBXFileReference; lastKnownFileType = wrapper.framework; name = OpenGLES.framework; path = System/Library/Frameworks/OpenGLES.framework; sourceTree = SDKROOT; };
		BAA959E41D9D132F00A8FFD2 /* CoreMedia.framework */ = {isa = PBXFileReference; lastKnownFileType = wrapper.framework; name = CoreMedia.framework; path = System/Library/Frameworks/CoreMedia.framework; sourceTree = SDKROOT; };
		BAA959E61D9D133800A8FFD2 /* CoreVideo.framework */ = {isa = PBXFileReference; lastKnownFileType = wrapper.framework; name = CoreVideo.framework; path = System/Library/Frameworks/CoreVideo.framework; sourceTree = SDKROOT; };
		BAA959E81D9D134800A8FFD2 /* libsqlite3.tbd */ = {isa = PBXFileReference; lastKnownFileType = "sourcecode.text-based-dylib-definition"; name = libsqlite3.tbd; path = usr/lib/libsqlite3.tbd; sourceTree = SDKROOT; };
		BAA959EA1D9D134F00A8FFD2 /* CoreText.framework */ = {isa = PBXFileReference; lastKnownFileType = wrapper.framework; name = CoreText.framework; path = System/Library/Frameworks/CoreText.framework; sourceTree = SDKROOT; };
		BAA959EC1D9D135700A8FFD2 /* CoreTelephony.framework */ = {isa = PBXFileReference; lastKnownFileType = wrapper.framework; name = CoreTelephony.framework; path = System/Library/Frameworks/CoreTelephony.framework; sourceTree = SDKROOT; };
		BAA959EE1D9D135E00A8FFD2 /* Security.framework */ = {isa = PBXFileReference; lastKnownFileType = wrapper.framework; name = Security.framework; path = System/Library/Frameworks/Security.framework; sourceTree = SDKROOT; };
		BAA959F01D9D136500A8FFD2 /* libz.1.2.5.tbd */ = {isa = PBXFileReference; lastKnownFileType = "sourcecode.text-based-dylib-definition"; name = libz.1.2.5.tbd; path = usr/lib/libz.1.2.5.tbd; sourceTree = SDKROOT; };
		BAA959F21D9D137500A8FFD2 /* QuartzCore.framework */ = {isa = PBXFileReference; lastKnownFileType = wrapper.framework; name = QuartzCore.framework; path = System/Library/Frameworks/QuartzCore.framework; sourceTree = SDKROOT; };
		BAA95A171D9D155700A8FFD2 /* BaseViewController.swift */ = {isa = PBXFileReference; fileEncoding = 4; lastKnownFileType = sourcecode.swift; path = BaseViewController.swift; sourceTree = "<group>"; };
		BAB80F651D9D217400B1E05B /* Lepaoquan_Bridge_Header.h */ = {isa = PBXFileReference; fileEncoding = 4; lastKnownFileType = sourcecode.c.h; name = Lepaoquan_Bridge_Header.h; path = ../../Lepaoquan_Bridge_Header.h; sourceTree = "<group>"; };
		BAED22611D9E4FCB009DE969 /* TabbarViewController.swift */ = {isa = PBXFileReference; fileEncoding = 4; lastKnownFileType = sourcecode.swift; path = TabbarViewController.swift; sourceTree = "<group>"; };
		BAED22631D9E5018009DE969 /* ADViewController.swift */ = {isa = PBXFileReference; fileEncoding = 4; lastKnownFileType = sourcecode.swift; path = ADViewController.swift; sourceTree = "<group>"; };
		BAED226C1D9E5291009DE969 /* LICENSE */ = {isa = PBXFileReference; fileEncoding = 4; lastKnownFileType = text; path = LICENSE; sourceTree = "<group>"; };
		BAED226F1D9E5291009DE969 /* MJRefreshAutoFooter.h */ = {isa = PBXFileReference; fileEncoding = 4; lastKnownFileType = sourcecode.c.h; path = MJRefreshAutoFooter.h; sourceTree = "<group>"; };
		BAED22701D9E5291009DE969 /* MJRefreshAutoFooter.m */ = {isa = PBXFileReference; fileEncoding = 4; lastKnownFileType = sourcecode.c.objc; path = MJRefreshAutoFooter.m; sourceTree = "<group>"; };
		BAED22711D9E5291009DE969 /* MJRefreshBackFooter.h */ = {isa = PBXFileReference; fileEncoding = 4; lastKnownFileType = sourcecode.c.h; path = MJRefreshBackFooter.h; sourceTree = "<group>"; };
		BAED22721D9E5291009DE969 /* MJRefreshBackFooter.m */ = {isa = PBXFileReference; fileEncoding = 4; lastKnownFileType = sourcecode.c.objc; path = MJRefreshBackFooter.m; sourceTree = "<group>"; };
		BAED22731D9E5291009DE969 /* MJRefreshComponent.h */ = {isa = PBXFileReference; fileEncoding = 4; lastKnownFileType = sourcecode.c.h; path = MJRefreshComponent.h; sourceTree = "<group>"; };
		BAED22741D9E5291009DE969 /* MJRefreshComponent.m */ = {isa = PBXFileReference; fileEncoding = 4; lastKnownFileType = sourcecode.c.objc; path = MJRefreshComponent.m; sourceTree = "<group>"; };
		BAED22751D9E5291009DE969 /* MJRefreshFooter.h */ = {isa = PBXFileReference; fileEncoding = 4; lastKnownFileType = sourcecode.c.h; path = MJRefreshFooter.h; sourceTree = "<group>"; };
		BAED22761D9E5291009DE969 /* MJRefreshFooter.m */ = {isa = PBXFileReference; fileEncoding = 4; lastKnownFileType = sourcecode.c.objc; path = MJRefreshFooter.m; sourceTree = "<group>"; };
		BAED22771D9E5291009DE969 /* MJRefreshHeader.h */ = {isa = PBXFileReference; fileEncoding = 4; lastKnownFileType = sourcecode.c.h; path = MJRefreshHeader.h; sourceTree = "<group>"; };
		BAED22781D9E5291009DE969 /* MJRefreshHeader.m */ = {isa = PBXFileReference; fileEncoding = 4; lastKnownFileType = sourcecode.c.objc; path = MJRefreshHeader.m; sourceTree = "<group>"; };
		BAED227C1D9E5291009DE969 /* MJRefreshAutoGifFooter.h */ = {isa = PBXFileReference; fileEncoding = 4; lastKnownFileType = sourcecode.c.h; path = MJRefreshAutoGifFooter.h; sourceTree = "<group>"; };
		BAED227D1D9E5291009DE969 /* MJRefreshAutoGifFooter.m */ = {isa = PBXFileReference; fileEncoding = 4; lastKnownFileType = sourcecode.c.objc; path = MJRefreshAutoGifFooter.m; sourceTree = "<group>"; };
		BAED227E1D9E5291009DE969 /* MJRefreshAutoNormalFooter.h */ = {isa = PBXFileReference; fileEncoding = 4; lastKnownFileType = sourcecode.c.h; path = MJRefreshAutoNormalFooter.h; sourceTree = "<group>"; };
		BAED227F1D9E5291009DE969 /* MJRefreshAutoNormalFooter.m */ = {isa = PBXFileReference; fileEncoding = 4; lastKnownFileType = sourcecode.c.objc; path = MJRefreshAutoNormalFooter.m; sourceTree = "<group>"; };
		BAED22801D9E5291009DE969 /* MJRefreshAutoStateFooter.h */ = {isa = PBXFileReference; fileEncoding = 4; lastKnownFileType = sourcecode.c.h; path = MJRefreshAutoStateFooter.h; sourceTree = "<group>"; };
		BAED22811D9E5291009DE969 /* MJRefreshAutoStateFooter.m */ = {isa = PBXFileReference; fileEncoding = 4; lastKnownFileType = sourcecode.c.objc; path = MJRefreshAutoStateFooter.m; sourceTree = "<group>"; };
		BAED22831D9E5291009DE969 /* MJRefreshBackGifFooter.h */ = {isa = PBXFileReference; fileEncoding = 4; lastKnownFileType = sourcecode.c.h; path = MJRefreshBackGifFooter.h; sourceTree = "<group>"; };
		BAED22841D9E5291009DE969 /* MJRefreshBackGifFooter.m */ = {isa = PBXFileReference; fileEncoding = 4; lastKnownFileType = sourcecode.c.objc; path = MJRefreshBackGifFooter.m; sourceTree = "<group>"; };
		BAED22851D9E5291009DE969 /* MJRefreshBackNormalFooter.h */ = {isa = PBXFileReference; fileEncoding = 4; lastKnownFileType = sourcecode.c.h; path = MJRefreshBackNormalFooter.h; sourceTree = "<group>"; };
		BAED22861D9E5291009DE969 /* MJRefreshBackNormalFooter.m */ = {isa = PBXFileReference; fileEncoding = 4; lastKnownFileType = sourcecode.c.objc; path = MJRefreshBackNormalFooter.m; sourceTree = "<group>"; };
		BAED22871D9E5291009DE969 /* MJRefreshBackStateFooter.h */ = {isa = PBXFileReference; fileEncoding = 4; lastKnownFileType = sourcecode.c.h; path = MJRefreshBackStateFooter.h; sourceTree = "<group>"; };
		BAED22881D9E5291009DE969 /* MJRefreshBackStateFooter.m */ = {isa = PBXFileReference; fileEncoding = 4; lastKnownFileType = sourcecode.c.objc; path = MJRefreshBackStateFooter.m; sourceTree = "<group>"; };
		BAED228A1D9E5291009DE969 /* MJRefreshGifHeader.h */ = {isa = PBXFileReference; fileEncoding = 4; lastKnownFileType = sourcecode.c.h; path = MJRefreshGifHeader.h; sourceTree = "<group>"; };
		BAED228B1D9E5291009DE969 /* MJRefreshGifHeader.m */ = {isa = PBXFileReference; fileEncoding = 4; lastKnownFileType = sourcecode.c.objc; path = MJRefreshGifHeader.m; sourceTree = "<group>"; };
		BAED228C1D9E5291009DE969 /* MJRefreshNormalHeader.h */ = {isa = PBXFileReference; fileEncoding = 4; lastKnownFileType = sourcecode.c.h; path = MJRefreshNormalHeader.h; sourceTree = "<group>"; };
		BAED228D1D9E5291009DE969 /* MJRefreshNormalHeader.m */ = {isa = PBXFileReference; fileEncoding = 4; lastKnownFileType = sourcecode.c.objc; path = MJRefreshNormalHeader.m; sourceTree = "<group>"; };
		BAED228E1D9E5291009DE969 /* MJRefreshStateHeader.h */ = {isa = PBXFileReference; fileEncoding = 4; lastKnownFileType = sourcecode.c.h; path = MJRefreshStateHeader.h; sourceTree = "<group>"; };
		BAED228F1D9E5291009DE969 /* MJRefreshStateHeader.m */ = {isa = PBXFileReference; fileEncoding = 4; lastKnownFileType = sourcecode.c.objc; path = MJRefreshStateHeader.m; sourceTree = "<group>"; };
		BAED22901D9E5291009DE969 /* MJRefresh.bundle */ = {isa = PBXFileReference; lastKnownFileType = "wrapper.plug-in"; path = MJRefresh.bundle; sourceTree = "<group>"; };
		BAED22911D9E5291009DE969 /* MJRefresh.h */ = {isa = PBXFileReference; fileEncoding = 4; lastKnownFileType = sourcecode.c.h; path = MJRefresh.h; sourceTree = "<group>"; };
		BAED22921D9E5291009DE969 /* MJRefreshConst.h */ = {isa = PBXFileReference; fileEncoding = 4; lastKnownFileType = sourcecode.c.h; path = MJRefreshConst.h; sourceTree = "<group>"; };
		BAED22931D9E5291009DE969 /* MJRefreshConst.m */ = {isa = PBXFileReference; fileEncoding = 4; lastKnownFileType = sourcecode.c.objc; path = MJRefreshConst.m; sourceTree = "<group>"; };
		BAED22941D9E5291009DE969 /* UIScrollView+MJExtension.h */ = {isa = PBXFileReference; fileEncoding = 4; lastKnownFileType = sourcecode.c.h; path = "UIScrollView+MJExtension.h"; sourceTree = "<group>"; };
		BAED22951D9E5291009DE969 /* UIScrollView+MJExtension.m */ = {isa = PBXFileReference; fileEncoding = 4; lastKnownFileType = sourcecode.c.objc; path = "UIScrollView+MJExtension.m"; sourceTree = "<group>"; };
		BAED22961D9E5291009DE969 /* UIScrollView+MJRefresh.h */ = {isa = PBXFileReference; fileEncoding = 4; lastKnownFileType = sourcecode.c.h; path = "UIScrollView+MJRefresh.h"; sourceTree = "<group>"; };
		BAED22971D9E5291009DE969 /* UIScrollView+MJRefresh.m */ = {isa = PBXFileReference; fileEncoding = 4; lastKnownFileType = sourcecode.c.objc; path = "UIScrollView+MJRefresh.m"; sourceTree = "<group>"; };
		BAED22981D9E5291009DE969 /* UIView+MJExtension.h */ = {isa = PBXFileReference; fileEncoding = 4; lastKnownFileType = sourcecode.c.h; path = "UIView+MJExtension.h"; sourceTree = "<group>"; };
		BAED22991D9E5291009DE969 /* UIView+MJExtension.m */ = {isa = PBXFileReference; fileEncoding = 4; lastKnownFileType = sourcecode.c.objc; path = "UIView+MJExtension.m"; sourceTree = "<group>"; };
		BAED229A1D9E5291009DE969 /* README.md */ = {isa = PBXFileReference; fileEncoding = 4; lastKnownFileType = net.daringfireball.markdown; path = README.md; sourceTree = "<group>"; };
		BAED229C1D9E5291009DE969 /* LICENSE */ = {isa = PBXFileReference; fileEncoding = 4; lastKnownFileType = text; path = LICENSE; sourceTree = "<group>"; };
		BAED229D1D9E5291009DE969 /* README.md */ = {isa = PBXFileReference; fileEncoding = 4; lastKnownFileType = net.daringfireball.markdown; path = README.md; sourceTree = "<group>"; };
		BAED229F1D9E5291009DE969 /* NSData+ImageContentType.h */ = {isa = PBXFileReference; fileEncoding = 4; lastKnownFileType = sourcecode.c.h; path = "NSData+ImageContentType.h"; sourceTree = "<group>"; };
		BAED22A01D9E5291009DE969 /* NSData+ImageContentType.m */ = {isa = PBXFileReference; fileEncoding = 4; lastKnownFileType = sourcecode.c.objc; path = "NSData+ImageContentType.m"; sourceTree = "<group>"; };
		BAED22A11D9E5291009DE969 /* SDImageCache.h */ = {isa = PBXFileReference; fileEncoding = 4; lastKnownFileType = sourcecode.c.h; path = SDImageCache.h; sourceTree = "<group>"; };
		BAED22A21D9E5291009DE969 /* SDImageCache.m */ = {isa = PBXFileReference; fileEncoding = 4; lastKnownFileType = sourcecode.c.objc; path = SDImageCache.m; sourceTree = "<group>"; };
		BAED22A31D9E5291009DE969 /* SDWebImageCompat.h */ = {isa = PBXFileReference; fileEncoding = 4; lastKnownFileType = sourcecode.c.h; path = SDWebImageCompat.h; sourceTree = "<group>"; };
		BAED22A41D9E5291009DE969 /* SDWebImageCompat.m */ = {isa = PBXFileReference; fileEncoding = 4; lastKnownFileType = sourcecode.c.objc; path = SDWebImageCompat.m; sourceTree = "<group>"; };
		BAED22A51D9E5291009DE969 /* SDWebImageDecoder.h */ = {isa = PBXFileReference; fileEncoding = 4; lastKnownFileType = sourcecode.c.h; path = SDWebImageDecoder.h; sourceTree = "<group>"; };
		BAED22A61D9E5291009DE969 /* SDWebImageDecoder.m */ = {isa = PBXFileReference; fileEncoding = 4; lastKnownFileType = sourcecode.c.objc; path = SDWebImageDecoder.m; sourceTree = "<group>"; };
		BAED22A71D9E5291009DE969 /* SDWebImageDownloader.h */ = {isa = PBXFileReference; fileEncoding = 4; lastKnownFileType = sourcecode.c.h; path = SDWebImageDownloader.h; sourceTree = "<group>"; };
		BAED22A81D9E5291009DE969 /* SDWebImageDownloader.m */ = {isa = PBXFileReference; fileEncoding = 4; lastKnownFileType = sourcecode.c.objc; path = SDWebImageDownloader.m; sourceTree = "<group>"; };
		BAED22A91D9E5291009DE969 /* SDWebImageDownloaderOperation.h */ = {isa = PBXFileReference; fileEncoding = 4; lastKnownFileType = sourcecode.c.h; path = SDWebImageDownloaderOperation.h; sourceTree = "<group>"; };
		BAED22AA1D9E5291009DE969 /* SDWebImageDownloaderOperation.m */ = {isa = PBXFileReference; fileEncoding = 4; lastKnownFileType = sourcecode.c.objc; path = SDWebImageDownloaderOperation.m; sourceTree = "<group>"; };
		BAED22AB1D9E5291009DE969 /* SDWebImageManager.h */ = {isa = PBXFileReference; fileEncoding = 4; lastKnownFileType = sourcecode.c.h; path = SDWebImageManager.h; sourceTree = "<group>"; };
		BAED22AC1D9E5291009DE969 /* SDWebImageManager.m */ = {isa = PBXFileReference; fileEncoding = 4; lastKnownFileType = sourcecode.c.objc; path = SDWebImageManager.m; sourceTree = "<group>"; };
		BAED22AD1D9E5291009DE969 /* SDWebImageOperation.h */ = {isa = PBXFileReference; fileEncoding = 4; lastKnownFileType = sourcecode.c.h; path = SDWebImageOperation.h; sourceTree = "<group>"; };
		BAED22AE1D9E5291009DE969 /* SDWebImagePrefetcher.h */ = {isa = PBXFileReference; fileEncoding = 4; lastKnownFileType = sourcecode.c.h; path = SDWebImagePrefetcher.h; sourceTree = "<group>"; };
		BAED22AF1D9E5291009DE969 /* SDWebImagePrefetcher.m */ = {isa = PBXFileReference; fileEncoding = 4; lastKnownFileType = sourcecode.c.objc; path = SDWebImagePrefetcher.m; sourceTree = "<group>"; };
		BAED22B01D9E5291009DE969 /* UIButton+WebCache.h */ = {isa = PBXFileReference; fileEncoding = 4; lastKnownFileType = sourcecode.c.h; path = "UIButton+WebCache.h"; sourceTree = "<group>"; };
		BAED22B11D9E5291009DE969 /* UIButton+WebCache.m */ = {isa = PBXFileReference; fileEncoding = 4; lastKnownFileType = sourcecode.c.objc; path = "UIButton+WebCache.m"; sourceTree = "<group>"; };
		BAED22B21D9E5291009DE969 /* UIImage+GIF.h */ = {isa = PBXFileReference; fileEncoding = 4; lastKnownFileType = sourcecode.c.h; path = "UIImage+GIF.h"; sourceTree = "<group>"; };
		BAED22B31D9E5291009DE969 /* UIImage+GIF.m */ = {isa = PBXFileReference; fileEncoding = 4; lastKnownFileType = sourcecode.c.objc; path = "UIImage+GIF.m"; sourceTree = "<group>"; };
		BAED22B41D9E5291009DE969 /* UIImage+MultiFormat.h */ = {isa = PBXFileReference; fileEncoding = 4; lastKnownFileType = sourcecode.c.h; path = "UIImage+MultiFormat.h"; sourceTree = "<group>"; };
		BAED22B51D9E5291009DE969 /* UIImage+MultiFormat.m */ = {isa = PBXFileReference; fileEncoding = 4; lastKnownFileType = sourcecode.c.objc; path = "UIImage+MultiFormat.m"; sourceTree = "<group>"; };
		BAED22B61D9E5291009DE969 /* UIImageView+HighlightedWebCache.h */ = {isa = PBXFileReference; fileEncoding = 4; lastKnownFileType = sourcecode.c.h; path = "UIImageView+HighlightedWebCache.h"; sourceTree = "<group>"; };
		BAED22B71D9E5291009DE969 /* UIImageView+HighlightedWebCache.m */ = {isa = PBXFileReference; fileEncoding = 4; lastKnownFileType = sourcecode.c.objc; path = "UIImageView+HighlightedWebCache.m"; sourceTree = "<group>"; };
		BAED22B81D9E5291009DE969 /* UIImageView+WebCache.h */ = {isa = PBXFileReference; fileEncoding = 4; lastKnownFileType = sourcecode.c.h; path = "UIImageView+WebCache.h"; sourceTree = "<group>"; };
		BAED22B91D9E5291009DE969 /* UIImageView+WebCache.m */ = {isa = PBXFileReference; fileEncoding = 4; lastKnownFileType = sourcecode.c.objc; path = "UIImageView+WebCache.m"; sourceTree = "<group>"; };
		BAED22BA1D9E5291009DE969 /* UIView+WebCacheOperation.h */ = {isa = PBXFileReference; fileEncoding = 4; lastKnownFileType = sourcecode.c.h; path = "UIView+WebCacheOperation.h"; sourceTree = "<group>"; };
		BAED22BB1D9E5291009DE969 /* UIView+WebCacheOperation.m */ = {isa = PBXFileReference; fileEncoding = 4; lastKnownFileType = sourcecode.c.objc; path = "UIView+WebCacheOperation.m"; sourceTree = "<group>"; };
		BAED22E11D9E54F4009DE969 /* GuideViewController.swift */ = {isa = PBXFileReference; fileEncoding = 4; lastKnownFileType = sourcecode.swift; path = GuideViewController.swift; sourceTree = "<group>"; };
		BAED22E31D9E5512009DE969 /* AppDelegate.swift */ = {isa = PBXFileReference; fileEncoding = 4; lastKnownFileType = sourcecode.swift; path = AppDelegate.swift; sourceTree = "<group>"; };
		BAED22E71D9E60F5009DE969 /* MineViewController.swift */ = {isa = PBXFileReference; fileEncoding = 4; lastKnownFileType = sourcecode.swift; path = MineViewController.swift; sourceTree = "<group>"; };
		BAED22E91D9E6107009DE969 /* Login.storyboard */ = {isa = PBXFileReference; fileEncoding = 4; lastKnownFileType = file.storyboard; path = Login.storyboard; sourceTree = "<group>"; };
		BAED22EB1D9E610F009DE969 /* Home.storyboard */ = {isa = PBXFileReference; fileEncoding = 4; lastKnownFileType = file.storyboard; path = Home.storyboard; sourceTree = "<group>"; };
		BAED22ED1D9E6123009DE969 /* HomeViewController.swift */ = {isa = PBXFileReference; fileEncoding = 4; lastKnownFileType = sourcecode.swift; path = HomeViewController.swift; sourceTree = "<group>"; };
		BAED22FB1D9E619A009DE969 /* Mine.storyboard */ = {isa = PBXFileReference; fileEncoding = 4; lastKnownFileType = file.storyboard; path = Mine.storyboard; sourceTree = "<group>"; };
		BAED22FD1D9E61A4009DE969 /* Activity.storyboard */ = {isa = PBXFileReference; fileEncoding = 4; lastKnownFileType = file.storyboard; path = Activity.storyboard; sourceTree = "<group>"; };
		BAED22FF1D9E61B1009DE969 /* Wallet.storyboard */ = {isa = PBXFileReference; fileEncoding = 4; lastKnownFileType = file.storyboard; path = Wallet.storyboard; sourceTree = "<group>"; };
		BAED23031D9E64DD009DE969 /* WalletViewController.swift */ = {isa = PBXFileReference; fileEncoding = 4; lastKnownFileType = sourcecode.swift; path = WalletViewController.swift; sourceTree = "<group>"; };
		BAED23051D9E651D009DE969 /* ActivityViewController.swift */ = {isa = PBXFileReference; fileEncoding = 4; lastKnownFileType = sourcecode.swift; path = ActivityViewController.swift; sourceTree = "<group>"; };
		BAF9644B1D9D041900A310C4 /* ColorsDefine.swift */ = {isa = PBXFileReference; fileEncoding = 4; lastKnownFileType = sourcecode.swift; path = ColorsDefine.swift; sourceTree = "<group>"; };
		BAF9644C1D9D041900A310C4 /* ImageDefine.swift */ = {isa = PBXFileReference; fileEncoding = 4; lastKnownFileType = sourcecode.swift; path = ImageDefine.swift; sourceTree = "<group>"; };
		BAF9644D1D9D041900A310C4 /* LocalizableDefine.swift */ = {isa = PBXFileReference; fileEncoding = 4; lastKnownFileType = sourcecode.swift; path = LocalizableDefine.swift; sourceTree = "<group>"; };
		BAF9644E1D9D041900A310C4 /* StoryboardDefine.swift */ = {isa = PBXFileReference; fileEncoding = 4; lastKnownFileType = sourcecode.swift; path = StoryboardDefine.swift; sourceTree = "<group>"; };
/* End PBXFileReference section */

/* Begin PBXFrameworksBuildPhase section */
		BA3C9BDB1D9D010B004477F9 /* Frameworks */ = {
			isa = PBXFrameworksBuildPhase;
			buildActionMask = 2147483647;
			files = (
				BAA959F31D9D137500A8FFD2 /* QuartzCore.framework in Frameworks */,
				BAA959F11D9D136500A8FFD2 /* libz.1.2.5.tbd in Frameworks */,
				BAA959EF1D9D135E00A8FFD2 /* Security.framework in Frameworks */,
				BAA959ED1D9D135700A8FFD2 /* CoreTelephony.framework in Frameworks */,
				BAA959EB1D9D134F00A8FFD2 /* CoreText.framework in Frameworks */,
				BAA959E91D9D134800A8FFD2 /* libsqlite3.tbd in Frameworks */,
				BAA959E71D9D133800A8FFD2 /* CoreVideo.framework in Frameworks */,
				BAA959E51D9D132F00A8FFD2 /* CoreMedia.framework in Frameworks */,
				BAA959E31D9D132300A8FFD2 /* OpenGLES.framework in Frameworks */,
				BAA959E11D9D131B00A8FFD2 /* CoreMotion.framework in Frameworks */,
				BAA959DF1D9D130B00A8FFD2 /* AVFoundation.framework in Frameworks */,
				BAA959DD1D9D130400A8FFD2 /* SystemConfiguration.framework in Frameworks */,
				BAA959DB1D9D127800A8FFD2 /* JavaScriptCore.framework in Frameworks */,
			);
			runOnlyForDeploymentPostprocessing = 0;
		};
		BA3C9BF21D9D010B004477F9 /* Frameworks */ = {
			isa = PBXFrameworksBuildPhase;
			buildActionMask = 2147483647;
			files = (
			);
			runOnlyForDeploymentPostprocessing = 0;
		};
		BA3C9BFD1D9D010B004477F9 /* Frameworks */ = {
			isa = PBXFrameworksBuildPhase;
			buildActionMask = 2147483647;
			files = (
			);
			runOnlyForDeploymentPostprocessing = 0;
		};
/* End PBXFrameworksBuildPhase section */

/* Begin PBXGroup section */
		BA3C9BD51D9D010B004477F9 = {
			isa = PBXGroup;
			children = (
				BA3C9BE01D9D010B004477F9 /* lepaoquan */,
				BA3C9BF81D9D010B004477F9 /* lepaoquanTests */,
				BA3C9C031D9D010B004477F9 /* lepaoquanUITests */,
				BA3C9BDF1D9D010B004477F9 /* Products */,
				BAA959D91D9D127800A8FFD2 /* Frameworks */,
			);
			sourceTree = "<group>";
		};
		BA3C9BDF1D9D010B004477F9 /* Products */ = {
			isa = PBXGroup;
			children = (
				BA3C9BDE1D9D010B004477F9 /* lepaoquan.app */,
				BA3C9BF51D9D010B004477F9 /* lepaoquanTests.xctest */,
				BA3C9C001D9D010B004477F9 /* lepaoquanUITests.xctest */,
			);
			name = Products;
			sourceTree = "<group>";
		};
		BA3C9BE01D9D010B004477F9 /* lepaoquan */ = {
			isa = PBXGroup;
			children = (
				BAA95A061D9D14B400A8FFD2 /* Root */,
				BAA959F41D9D14B400A8FFD2 /* Home */,
				BAED22F51D9E6160009DE969 /* Wallet */,
				BAED22EF1D9E6160009DE969 /* Activity */,
				BAA95A001D9D14B400A8FFD2 /* Mine */,
				BAA959FA1D9D14B400A8FFD2 /* Login */,
				BAF9643E1D9D041900A310C4 /* Common */,
				BAA95A101D9D152200A8FFD2 /* Base */,
				BAED226A1D9E5291009DE969 /* Helper */,
				BA3C9BEB1D9D010B004477F9 /* Assets.xcassets */,
				BA3C9BF01D9D010B004477F9 /* Info.plist */,
			);
			path = lepaoquan;
			sourceTree = "<group>";
		};
		BA3C9BF81D9D010B004477F9 /* lepaoquanTests */ = {
			isa = PBXGroup;
			children = (
				BA3C9BF91D9D010B004477F9 /* lepaoquanTests.swift */,
				BA3C9BFB1D9D010B004477F9 /* Info.plist */,
			);
			path = lepaoquanTests;
			sourceTree = "<group>";
		};
		BA3C9C031D9D010B004477F9 /* lepaoquanUITests */ = {
			isa = PBXGroup;
			children = (
				BA3C9C041D9D010B004477F9 /* lepaoquanUITests.swift */,
				BA3C9C061D9D010B004477F9 /* Info.plist */,
			);
			path = lepaoquanUITests;
			sourceTree = "<group>";
		};
		BAA959D91D9D127800A8FFD2 /* Frameworks */ = {
			isa = PBXGroup;
			children = (
				BAA959F21D9D137500A8FFD2 /* QuartzCore.framework */,
				BAA959F01D9D136500A8FFD2 /* libz.1.2.5.tbd */,
				BAA959EE1D9D135E00A8FFD2 /* Security.framework */,
				BAA959EC1D9D135700A8FFD2 /* CoreTelephony.framework */,
				BAA959EA1D9D134F00A8FFD2 /* CoreText.framework */,
				BAA959E81D9D134800A8FFD2 /* libsqlite3.tbd */,
				BAA959E61D9D133800A8FFD2 /* CoreVideo.framework */,
				BAA959E41D9D132F00A8FFD2 /* CoreMedia.framework */,
				BAA959E21D9D132300A8FFD2 /* OpenGLES.framework */,
				BAA959E01D9D131B00A8FFD2 /* CoreMotion.framework */,
				BAA959DE1D9D130B00A8FFD2 /* AVFoundation.framework */,
				BAA959DC1D9D130400A8FFD2 /* SystemConfiguration.framework */,
				BAA959DA1D9D127800A8FFD2 /* JavaScriptCore.framework */,
			);
			name = Frameworks;
			sourceTree = "<group>";
		};
		BAA959F41D9D14B400A8FFD2 /* Home */ = {
			isa = PBXGroup;
			children = (
				BAED22EB1D9E610F009DE969 /* Home.storyboard */,
				BAA959F51D9D14B400A8FFD2 /* Controller */,
				BAA959F61D9D14B400A8FFD2 /* Model */,
				BAA959F71D9D14B400A8FFD2 /* Realm */,
				BAA959F81D9D14B400A8FFD2 /* View */,
				BAA959F91D9D14B400A8FFD2 /* WebApi */,
			);
			path = Home;
			sourceTree = "<group>";
		};
		BAA959F51D9D14B400A8FFD2 /* Controller */ = {
			isa = PBXGroup;
			children = (
				BAED22ED1D9E6123009DE969 /* HomeViewController.swift */,
			);
			path = Controller;
			sourceTree = "<group>";
		};
		BAA959F61D9D14B400A8FFD2 /* Model */ = {
			isa = PBXGroup;
			children = (
			);
			path = Model;
			sourceTree = "<group>";
		};
		BAA959F71D9D14B400A8FFD2 /* Realm */ = {
			isa = PBXGroup;
			children = (
			);
			path = Realm;
			sourceTree = "<group>";
		};
		BAA959F81D9D14B400A8FFD2 /* View */ = {
			isa = PBXGroup;
			children = (
			);
			path = View;
			sourceTree = "<group>";
		};
		BAA959F91D9D14B400A8FFD2 /* WebApi */ = {
			isa = PBXGroup;
			children = (
			);
			path = WebApi;
			sourceTree = "<group>";
		};
		BAA959FA1D9D14B400A8FFD2 /* Login */ = {
			isa = PBXGroup;
			children = (
				BAED22E91D9E6107009DE969 /* Login.storyboard */,
				BAA959FB1D9D14B400A8FFD2 /* Controller */,
				BAA959FC1D9D14B400A8FFD2 /* Model */,
				BAA959FD1D9D14B400A8FFD2 /* Realm */,
				BAA959FE1D9D14B400A8FFD2 /* View */,
				BAA959FF1D9D14B400A8FFD2 /* WebApi */,
			);
			path = Login;
			sourceTree = "<group>";
		};
		BAA959FB1D9D14B400A8FFD2 /* Controller */ = {
			isa = PBXGroup;
			children = (
			);
			path = Controller;
			sourceTree = "<group>";
		};
		BAA959FC1D9D14B400A8FFD2 /* Model */ = {
			isa = PBXGroup;
			children = (
			);
			path = Model;
			sourceTree = "<group>";
		};
		BAA959FD1D9D14B400A8FFD2 /* Realm */ = {
			isa = PBXGroup;
			children = (
			);
			path = Realm;
			sourceTree = "<group>";
		};
		BAA959FE1D9D14B400A8FFD2 /* View */ = {
			isa = PBXGroup;
			children = (
			);
			path = View;
			sourceTree = "<group>";
		};
		BAA959FF1D9D14B400A8FFD2 /* WebApi */ = {
			isa = PBXGroup;
			children = (
			);
			path = WebApi;
			sourceTree = "<group>";
		};
		BAA95A001D9D14B400A8FFD2 /* Mine */ = {
			isa = PBXGroup;
			children = (
				BAED22FB1D9E619A009DE969 /* Mine.storyboard */,
				BAA95A011D9D14B400A8FFD2 /* Controller */,
				BAA95A021D9D14B400A8FFD2 /* Model */,
				BAA95A031D9D14B400A8FFD2 /* Realm */,
				BAA95A041D9D14B400A8FFD2 /* View */,
				BAA95A051D9D14B400A8FFD2 /* WebApi */,
			);
			path = Mine;
			sourceTree = "<group>";
		};
		BAA95A011D9D14B400A8FFD2 /* Controller */ = {
			isa = PBXGroup;
			children = (
				BAED22E71D9E60F5009DE969 /* MineViewController.swift */,
			);
			path = Controller;
			sourceTree = "<group>";
		};
		BAA95A021D9D14B400A8FFD2 /* Model */ = {
			isa = PBXGroup;
			children = (
			);
			path = Model;
			sourceTree = "<group>";
		};
		BAA95A031D9D14B400A8FFD2 /* Realm */ = {
			isa = PBXGroup;
			children = (
			);
			path = Realm;
			sourceTree = "<group>";
		};
		BAA95A041D9D14B400A8FFD2 /* View */ = {
			isa = PBXGroup;
			children = (
			);
			path = View;
			sourceTree = "<group>";
		};
		BAA95A051D9D14B400A8FFD2 /* WebApi */ = {
			isa = PBXGroup;
			children = (
			);
			path = WebApi;
			sourceTree = "<group>";
		};
		BAA95A061D9D14B400A8FFD2 /* Root */ = {
			isa = PBXGroup;
			children = (
				BAED22E31D9E5512009DE969 /* AppDelegate.swift */,
				BAA95A111D9D154200A8FFD2 /* Controller */,
				BAED22671D9E5101009DE969 /* Protocol */,
				BAA95A151D9D154200A8FFD2 /* WebApi */,
			);
			path = Root;
			sourceTree = "<group>";
		};
		BAA95A101D9D152200A8FFD2 /* Base */ = {
			isa = PBXGroup;
			children = (
				BAA95A171D9D155700A8FFD2 /* BaseViewController.swift */,
				BA3C9BE51D9D010B004477F9 /* Main.storyboard */,
				BA3C9BED1D9D010B004477F9 /* LaunchScreen.storyboard */,
			);
			path = Base;
			sourceTree = "<group>";
		};
		BAA95A111D9D154200A8FFD2 /* Controller */ = {
			isa = PBXGroup;
			children = (
				BAED22E11D9E54F4009DE969 /* GuideViewController.swift */,
				BAED22631D9E5018009DE969 /* ADViewController.swift */,
				BAED22611D9E4FCB009DE969 /* TabbarViewController.swift */,
			);
			path = Controller;
			sourceTree = "<group>";
		};
		BAA95A151D9D154200A8FFD2 /* WebApi */ = {
			isa = PBXGroup;
			children = (
			);
			path = WebApi;
			sourceTree = "<group>";
		};
		BAB80F631D9D20EB00B1E05B /* Setting */ = {
			isa = PBXGroup;
			children = (
				BAB80F651D9D217400B1E05B /* Lepaoquan_Bridge_Header.h */,
				BA3319B61D9E1E63006BB2A3 /* Lepaoquan-Define.swift */,
				BA3319B21D9E1E2D006BB2A3 /* Lepaoquan-URL.swift */,
				BA3319B41D9E1E3D006BB2A3 /* Lepaoquan-Notification.swift */,
			);
			path = Setting;
			sourceTree = "<group>";
		};
		BAED22671D9E5101009DE969 /* Protocol */ = {
			isa = PBXGroup;
			children = (
			);
			path = Protocol;
			sourceTree = "<group>";
		};
		BAED226A1D9E5291009DE969 /* Helper */ = {
			isa = PBXGroup;
			children = (
				BAED226B1D9E5291009DE969 /* MJRefresh */,
				BAED229B1D9E5291009DE969 /* SDWebImage */,
			);
			path = Helper;
			sourceTree = "<group>";
		};
		BAED226B1D9E5291009DE969 /* MJRefresh */ = {
			isa = PBXGroup;
			children = (
				BAED226C1D9E5291009DE969 /* LICENSE */,
				BAED226D1D9E5291009DE969 /* MJRefresh */,
				BAED229A1D9E5291009DE969 /* README.md */,
			);
			path = MJRefresh;
			sourceTree = "<group>";
		};
		BAED226D1D9E5291009DE969 /* MJRefresh */ = {
			isa = PBXGroup;
			children = (
				BAED226E1D9E5291009DE969 /* Base */,
				BAED22791D9E5291009DE969 /* Custom */,
				BAED22901D9E5291009DE969 /* MJRefresh.bundle */,
				BAED22911D9E5291009DE969 /* MJRefresh.h */,
				BAED22921D9E5291009DE969 /* MJRefreshConst.h */,
				BAED22931D9E5291009DE969 /* MJRefreshConst.m */,
				BAED22941D9E5291009DE969 /* UIScrollView+MJExtension.h */,
				BAED22951D9E5291009DE969 /* UIScrollView+MJExtension.m */,
				BAED22961D9E5291009DE969 /* UIScrollView+MJRefresh.h */,
				BAED22971D9E5291009DE969 /* UIScrollView+MJRefresh.m */,
				BAED22981D9E5291009DE969 /* UIView+MJExtension.h */,
				BAED22991D9E5291009DE969 /* UIView+MJExtension.m */,
			);
			path = MJRefresh;
			sourceTree = "<group>";
		};
		BAED226E1D9E5291009DE969 /* Base */ = {
			isa = PBXGroup;
			children = (
				BAED226F1D9E5291009DE969 /* MJRefreshAutoFooter.h */,
				BAED22701D9E5291009DE969 /* MJRefreshAutoFooter.m */,
				BAED22711D9E5291009DE969 /* MJRefreshBackFooter.h */,
				BAED22721D9E5291009DE969 /* MJRefreshBackFooter.m */,
				BAED22731D9E5291009DE969 /* MJRefreshComponent.h */,
				BAED22741D9E5291009DE969 /* MJRefreshComponent.m */,
				BAED22751D9E5291009DE969 /* MJRefreshFooter.h */,
				BAED22761D9E5291009DE969 /* MJRefreshFooter.m */,
				BAED22771D9E5291009DE969 /* MJRefreshHeader.h */,
				BAED22781D9E5291009DE969 /* MJRefreshHeader.m */,
			);
			path = Base;
			sourceTree = "<group>";
		};
		BAED22791D9E5291009DE969 /* Custom */ = {
			isa = PBXGroup;
			children = (
				BAED227A1D9E5291009DE969 /* Footer */,
				BAED22891D9E5291009DE969 /* Header */,
			);
			path = Custom;
			sourceTree = "<group>";
		};
		BAED227A1D9E5291009DE969 /* Footer */ = {
			isa = PBXGroup;
			children = (
				BAED227B1D9E5291009DE969 /* Auto */,
				BAED22821D9E5291009DE969 /* Back */,
			);
			path = Footer;
			sourceTree = "<group>";
		};
		BAED227B1D9E5291009DE969 /* Auto */ = {
			isa = PBXGroup;
			children = (
				BAED227C1D9E5291009DE969 /* MJRefreshAutoGifFooter.h */,
				BAED227D1D9E5291009DE969 /* MJRefreshAutoGifFooter.m */,
				BAED227E1D9E5291009DE969 /* MJRefreshAutoNormalFooter.h */,
				BAED227F1D9E5291009DE969 /* MJRefreshAutoNormalFooter.m */,
				BAED22801D9E5291009DE969 /* MJRefreshAutoStateFooter.h */,
				BAED22811D9E5291009DE969 /* MJRefreshAutoStateFooter.m */,
			);
			path = Auto;
			sourceTree = "<group>";
		};
		BAED22821D9E5291009DE969 /* Back */ = {
			isa = PBXGroup;
			children = (
				BAED22831D9E5291009DE969 /* MJRefreshBackGifFooter.h */,
				BAED22841D9E5291009DE969 /* MJRefreshBackGifFooter.m */,
				BAED22851D9E5291009DE969 /* MJRefreshBackNormalFooter.h */,
				BAED22861D9E5291009DE969 /* MJRefreshBackNormalFooter.m */,
				BAED22871D9E5291009DE969 /* MJRefreshBackStateFooter.h */,
				BAED22881D9E5291009DE969 /* MJRefreshBackStateFooter.m */,
			);
			path = Back;
			sourceTree = "<group>";
		};
		BAED22891D9E5291009DE969 /* Header */ = {
			isa = PBXGroup;
			children = (
				BAED228A1D9E5291009DE969 /* MJRefreshGifHeader.h */,
				BAED228B1D9E5291009DE969 /* MJRefreshGifHeader.m */,
				BAED228C1D9E5291009DE969 /* MJRefreshNormalHeader.h */,
				BAED228D1D9E5291009DE969 /* MJRefreshNormalHeader.m */,
				BAED228E1D9E5291009DE969 /* MJRefreshStateHeader.h */,
				BAED228F1D9E5291009DE969 /* MJRefreshStateHeader.m */,
			);
			path = Header;
			sourceTree = "<group>";
		};
		BAED229B1D9E5291009DE969 /* SDWebImage */ = {
			isa = PBXGroup;
			children = (
				BAED229C1D9E5291009DE969 /* LICENSE */,
				BAED229D1D9E5291009DE969 /* README.md */,
				BAED229E1D9E5291009DE969 /* SDWebImage */,
			);
			path = SDWebImage;
			sourceTree = "<group>";
		};
		BAED229E1D9E5291009DE969 /* SDWebImage */ = {
			isa = PBXGroup;
			children = (
				BAED229F1D9E5291009DE969 /* NSData+ImageContentType.h */,
				BAED22A01D9E5291009DE969 /* NSData+ImageContentType.m */,
				BAED22A11D9E5291009DE969 /* SDImageCache.h */,
				BAED22A21D9E5291009DE969 /* SDImageCache.m */,
				BAED22A31D9E5291009DE969 /* SDWebImageCompat.h */,
				BAED22A41D9E5291009DE969 /* SDWebImageCompat.m */,
				BAED22A51D9E5291009DE969 /* SDWebImageDecoder.h */,
				BAED22A61D9E5291009DE969 /* SDWebImageDecoder.m */,
				BAED22A71D9E5291009DE969 /* SDWebImageDownloader.h */,
				BAED22A81D9E5291009DE969 /* SDWebImageDownloader.m */,
				BAED22A91D9E5291009DE969 /* SDWebImageDownloaderOperation.h */,
				BAED22AA1D9E5291009DE969 /* SDWebImageDownloaderOperation.m */,
				BAED22AB1D9E5291009DE969 /* SDWebImageManager.h */,
				BAED22AC1D9E5291009DE969 /* SDWebImageManager.m */,
				BAED22AD1D9E5291009DE969 /* SDWebImageOperation.h */,
				BAED22AE1D9E5291009DE969 /* SDWebImagePrefetcher.h */,
				BAED22AF1D9E5291009DE969 /* SDWebImagePrefetcher.m */,
				BAED22B01D9E5291009DE969 /* UIButton+WebCache.h */,
				BAED22B11D9E5291009DE969 /* UIButton+WebCache.m */,
				BAED22B21D9E5291009DE969 /* UIImage+GIF.h */,
				BAED22B31D9E5291009DE969 /* UIImage+GIF.m */,
				BAED22B41D9E5291009DE969 /* UIImage+MultiFormat.h */,
				BAED22B51D9E5291009DE969 /* UIImage+MultiFormat.m */,
				BAED22B61D9E5291009DE969 /* UIImageView+HighlightedWebCache.h */,
				BAED22B71D9E5291009DE969 /* UIImageView+HighlightedWebCache.m */,
				BAED22B81D9E5291009DE969 /* UIImageView+WebCache.h */,
				BAED22B91D9E5291009DE969 /* UIImageView+WebCache.m */,
				BAED22BA1D9E5291009DE969 /* UIView+WebCacheOperation.h */,
				BAED22BB1D9E5291009DE969 /* UIView+WebCacheOperation.m */,
			);
			path = SDWebImage;
			sourceTree = "<group>";
		};
		BAED22EF1D9E6160009DE969 /* Activity */ = {
			isa = PBXGroup;
			children = (
				BAED22FD1D9E61A4009DE969 /* Activity.storyboard */,
				BAED22F01D9E6160009DE969 /* Controller */,
				BAED22F11D9E6160009DE969 /* Model */,
				BAED22F21D9E6160009DE969 /* Realm */,
				BAED22F31D9E6160009DE969 /* View */,
				BAED22F41D9E6160009DE969 /* WebApi */,
			);
			path = Activity;
			sourceTree = "<group>";
		};
		BAED22F01D9E6160009DE969 /* Controller */ = {
			isa = PBXGroup;
			children = (
				BAED23051D9E651D009DE969 /* ActivityViewController.swift */,
			);
			path = Controller;
			sourceTree = "<group>";
		};
		BAED22F11D9E6160009DE969 /* Model */ = {
			isa = PBXGroup;
			children = (
			);
			path = Model;
			sourceTree = "<group>";
		};
		BAED22F21D9E6160009DE969 /* Realm */ = {
			isa = PBXGroup;
			children = (
			);
			path = Realm;
			sourceTree = "<group>";
		};
		BAED22F31D9E6160009DE969 /* View */ = {
			isa = PBXGroup;
			children = (
			);
			path = View;
			sourceTree = "<group>";
		};
		BAED22F41D9E6160009DE969 /* WebApi */ = {
			isa = PBXGroup;
			children = (
			);
			path = WebApi;
			sourceTree = "<group>";
		};
		BAED22F51D9E6160009DE969 /* Wallet */ = {
			isa = PBXGroup;
			children = (
				BAED22F61D9E6160009DE969 /* Controller */,
				BAED22F71D9E6160009DE969 /* Model */,
				BAED22F81D9E6160009DE969 /* Realm */,
				BAED22F91D9E6160009DE969 /* View */,
				BAED22FA1D9E6160009DE969 /* WebApi */,
				BAED22FF1D9E61B1009DE969 /* Wallet.storyboard */,
			);
			path = Wallet;
			sourceTree = "<group>";
		};
		BAED22F61D9E6160009DE969 /* Controller */ = {
			isa = PBXGroup;
			children = (
				BAED23031D9E64DD009DE969 /* WalletViewController.swift */,
			);
			path = Controller;
			sourceTree = "<group>";
		};
		BAED22F71D9E6160009DE969 /* Model */ = {
			isa = PBXGroup;
			children = (
			);
			path = Model;
			sourceTree = "<group>";
		};
		BAED22F81D9E6160009DE969 /* Realm */ = {
			isa = PBXGroup;
			children = (
			);
			path = Realm;
			sourceTree = "<group>";
		};
		BAED22F91D9E6160009DE969 /* View */ = {
			isa = PBXGroup;
			children = (
			);
			path = View;
			sourceTree = "<group>";
		};
		BAED22FA1D9E6160009DE969 /* WebApi */ = {
			isa = PBXGroup;
			children = (
			);
			path = WebApi;
			sourceTree = "<group>";
		};
		BAF9643E1D9D041900A310C4 /* Common */ = {
			isa = PBXGroup;
			children = (
				BAB80F631D9D20EB00B1E05B /* Setting */,
				BAF9643F1D9D041900A310C4 /* Extension */,
				BAF964491D9D041900A310C4 /* SwiftGenDefine */,
			);
			path = Common;
			sourceTree = "<group>";
		};
		BAF9643F1D9D041900A310C4 /* Extension */ = {
			isa = PBXGroup;
			children = (
				BA3319BD1D9E2149006BB2A3 /* LepaoquanAlertView.swift */,
				BA3319C31D9E2149006BB2A3 /* LogoutCleanObj.swift */,
				BA3319BB1D9E2149006BB2A3 /* Array_Extension.swift */,
				BA3319BF1D9E2149006BB2A3 /* Font_Extension.swift */,
				BA3319C81D9E2149006BB2A3 /* NSUserDefaultsExtension.swift */,
				BA3319CD1D9E2149006BB2A3 /* UIImageExtension.swift */,
			);
			path = Extension;
			sourceTree = "<group>";
		};
		BAF964491D9D041900A310C4 /* SwiftGenDefine */ = {
			isa = PBXGroup;
			children = (
				BAA959D31D9D102E00A8FFD2 /* Localizable.strings */,
				BA1B3C741D9D0D0D00B3F5F6 /* colors.txt */,
				BAF9644B1D9D041900A310C4 /* ColorsDefine.swift */,
				BAF9644C1D9D041900A310C4 /* ImageDefine.swift */,
				BAF9644D1D9D041900A310C4 /* LocalizableDefine.swift */,
				BAF9644E1D9D041900A310C4 /* StoryboardDefine.swift */,
			);
			path = SwiftGenDefine;
			sourceTree = "<group>";
		};
/* End PBXGroup section */

/* Begin PBXNativeTarget section */
		BA3C9BDD1D9D010B004477F9 /* lepaoquan */ = {
			isa = PBXNativeTarget;
			buildConfigurationList = BA3C9C091D9D010B004477F9 /* Build configuration list for PBXNativeTarget "lepaoquan" */;
			buildPhases = (
				BA3C9BDA1D9D010B004477F9 /* Sources */,
				BA3C9BDB1D9D010B004477F9 /* Frameworks */,
				BA3C9BDC1D9D010B004477F9 /* Resources */,
			);
			buildRules = (
			);
			dependencies = (
			);
			name = lepaoquan;
			productName = lepaoquan;
			productReference = BA3C9BDE1D9D010B004477F9 /* lepaoquan.app */;
			productType = "com.apple.product-type.application";
		};
		BA3C9BF41D9D010B004477F9 /* lepaoquanTests */ = {
			isa = PBXNativeTarget;
			buildConfigurationList = BA3C9C0C1D9D010B004477F9 /* Build configuration list for PBXNativeTarget "lepaoquanTests" */;
			buildPhases = (
				BA3C9BF11D9D010B004477F9 /* Sources */,
				BA3C9BF21D9D010B004477F9 /* Frameworks */,
				BA3C9BF31D9D010B004477F9 /* Resources */,
			);
			buildRules = (
			);
			dependencies = (
				BA3C9BF71D9D010B004477F9 /* PBXTargetDependency */,
			);
			name = lepaoquanTests;
			productName = lepaoquanTests;
			productReference = BA3C9BF51D9D010B004477F9 /* lepaoquanTests.xctest */;
			productType = "com.apple.product-type.bundle.unit-test";
		};
		BA3C9BFF1D9D010B004477F9 /* lepaoquanUITests */ = {
			isa = PBXNativeTarget;
			buildConfigurationList = BA3C9C0F1D9D010B004477F9 /* Build configuration list for PBXNativeTarget "lepaoquanUITests" */;
			buildPhases = (
				BA3C9BFC1D9D010B004477F9 /* Sources */,
				BA3C9BFD1D9D010B004477F9 /* Frameworks */,
				BA3C9BFE1D9D010B004477F9 /* Resources */,
			);
			buildRules = (
			);
			dependencies = (
				BA3C9C021D9D010B004477F9 /* PBXTargetDependency */,
			);
			name = lepaoquanUITests;
			productName = lepaoquanUITests;
			productReference = BA3C9C001D9D010B004477F9 /* lepaoquanUITests.xctest */;
			productType = "com.apple.product-type.bundle.ui-testing";
		};
/* End PBXNativeTarget section */

/* Begin PBXProject section */
		BA3C9BD61D9D010B004477F9 /* Project object */ = {
			isa = PBXProject;
			attributes = {
				LastSwiftUpdateCheck = 0800;
				LastUpgradeCheck = 0800;
				ORGANIZATIONNAME = Jessica;
				TargetAttributes = {
					BA3C9BDD1D9D010B004477F9 = {
						CreatedOnToolsVersion = 8.0;
						DevelopmentTeam = H5KK8772L3;
						ProvisioningStyle = Automatic;
					};
					BA3C9BF41D9D010B004477F9 = {
						CreatedOnToolsVersion = 8.0;
						ProvisioningStyle = Automatic;
						TestTargetID = BA3C9BDD1D9D010B004477F9;
					};
					BA3C9BFF1D9D010B004477F9 = {
						CreatedOnToolsVersion = 8.0;
						ProvisioningStyle = Automatic;
						TestTargetID = BA3C9BDD1D9D010B004477F9;
					};
				};
			};
			buildConfigurationList = BA3C9BD91D9D010B004477F9 /* Build configuration list for PBXProject "lepaoquan" */;
			compatibilityVersion = "Xcode 3.2";
			developmentRegion = English;
			hasScannedForEncodings = 0;
			knownRegions = (
				en,
				Base,
				"zh-Hans",
			);
			mainGroup = BA3C9BD51D9D010B004477F9;
			productRefGroup = BA3C9BDF1D9D010B004477F9 /* Products */;
			projectDirPath = "";
			projectRoot = "";
			targets = (
				BA3C9BDD1D9D010B004477F9 /* lepaoquan */,
				BA3C9BF41D9D010B004477F9 /* lepaoquanTests */,
				BA3C9BFF1D9D010B004477F9 /* lepaoquanUITests */,
			);
		};
/* End PBXProject section */

/* Begin PBXResourcesBuildPhase section */
		BA3C9BDC1D9D010B004477F9 /* Resources */ = {
			isa = PBXResourcesBuildPhase;
			buildActionMask = 2147483647;
			files = (
				BAED22FC1D9E619A009DE969 /* Mine.storyboard in Resources */,
				BAED22BC1D9E5291009DE969 /* LICENSE in Resources */,
				BAED22EC1D9E610F009DE969 /* Home.storyboard in Resources */,
				BA3C9BEF1D9D010B004477F9 /* LaunchScreen.storyboard in Resources */,
				BAED22D11D9E5291009DE969 /* LICENSE in Resources */,
				BAED22CB1D9E5291009DE969 /* MJRefresh.bundle in Resources */,
				BAA959D61D9D102E00A8FFD2 /* Localizable.strings in Resources */,
				BAED23001D9E61B1009DE969 /* Wallet.storyboard in Resources */,
				BAED22FE1D9E61A4009DE969 /* Activity.storyboard in Resources */,
				BA3C9BEC1D9D010B004477F9 /* Assets.xcassets in Resources */,
				BA3C9BE71D9D010B004477F9 /* Main.storyboard in Resources */,
				BA1B3C751D9D0D0D00B3F5F6 /* colors.txt in Resources */,
				BAED22EA1D9E6107009DE969 /* Login.storyboard in Resources */,
			);
			runOnlyForDeploymentPostprocessing = 0;
		};
		BA3C9BF31D9D010B004477F9 /* Resources */ = {
			isa = PBXResourcesBuildPhase;
			buildActionMask = 2147483647;
			files = (
			);
			runOnlyForDeploymentPostprocessing = 0;
		};
		BA3C9BFE1D9D010B004477F9 /* Resources */ = {
			isa = PBXResourcesBuildPhase;
			buildActionMask = 2147483647;
			files = (
			);
			runOnlyForDeploymentPostprocessing = 0;
		};
/* End PBXResourcesBuildPhase section */

/* Begin PBXSourcesBuildPhase section */
		BA3C9BDA1D9D010B004477F9 /* Sources */ = {
			isa = PBXSourcesBuildPhase;
			buildActionMask = 2147483647;
			files = (
				BAED22621D9E4FCB009DE969 /* TabbarViewController.swift in Sources */,
				BAED22CA1D9E5291009DE969 /* MJRefreshStateHeader.m in Sources */,
				BAED22C61D9E5291009DE969 /* MJRefreshBackNormalFooter.m in Sources */,
				BAED22C01D9E5291009DE969 /* MJRefreshFooter.m in Sources */,
				BA3319D41D9E2149006BB2A3 /* LepaoquanAlertView.swift in Sources */,
				BAED22C71D9E5291009DE969 /* MJRefreshBackStateFooter.m in Sources */,
				BAF964591D9D041900A310C4 /* ColorsDefine.swift in Sources */,
				BAF9645C1D9D041900A310C4 /* StoryboardDefine.swift in Sources */,
				BAED22CC1D9E5291009DE969 /* MJRefreshConst.m in Sources */,
				BA3319D61D9E2149006BB2A3 /* Font_Extension.swift in Sources */,
				BAF9645A1D9D041900A310C4 /* ImageDefine.swift in Sources */,
				BAED22C21D9E5291009DE969 /* MJRefreshAutoGifFooter.m in Sources */,
				BAED22D91D9E5291009DE969 /* SDWebImageManager.m in Sources */,
				BAED22C41D9E5291009DE969 /* MJRefreshAutoStateFooter.m in Sources */,
				BAED22BD1D9E5291009DE969 /* MJRefreshAutoFooter.m in Sources */,
				BAED22D31D9E5291009DE969 /* NSData+ImageContentType.m in Sources */,
				BAED23061D9E651D009DE969 /* ActivityViewController.swift in Sources */,
				BAED22DE1D9E5291009DE969 /* UIImageView+HighlightedWebCache.m in Sources */,
				BA3319DF1D9E2149006BB2A3 /* NSUserDefaultsExtension.swift in Sources */,
				BAED22C51D9E5291009DE969 /* MJRefreshBackGifFooter.m in Sources */,
				BAED22CE1D9E5291009DE969 /* UIScrollView+MJRefresh.m in Sources */,
				BAED22C11D9E5291009DE969 /* MJRefreshHeader.m in Sources */,
				BAF9645B1D9D041900A310C4 /* LocalizableDefine.swift in Sources */,
				BAED22D81D9E5291009DE969 /* SDWebImageDownloaderOperation.m in Sources */,
				BAED22CD1D9E5291009DE969 /* UIScrollView+MJExtension.m in Sources */,
				BAED22C81D9E5291009DE969 /* MJRefreshGifHeader.m in Sources */,
				BAED22BF1D9E5291009DE969 /* MJRefreshComponent.m in Sources */,
				BAED22D71D9E5291009DE969 /* SDWebImageDownloader.m in Sources */,
				BA3319D21D9E2149006BB2A3 /* Array_Extension.swift in Sources */,
				BAED22C31D9E5291009DE969 /* MJRefreshAutoNormalFooter.m in Sources */,
				BAA95A191D9D155700A8FFD2 /* BaseViewController.swift in Sources */,
				BAED22DD1D9E5291009DE969 /* UIImage+MultiFormat.m in Sources */,
				BAED22D61D9E5291009DE969 /* SDWebImageDecoder.m in Sources */,
				BA3319DA1D9E2149006BB2A3 /* LogoutCleanObj.swift in Sources */,
				BAED22E81D9E60F5009DE969 /* MineViewController.swift in Sources */,
				BA3319B31D9E1E2D006BB2A3 /* Lepaoquan-URL.swift in Sources */,
				BAED22D01D9E5291009DE969 /* README.md in Sources */,
				BAED23041D9E64DD009DE969 /* WalletViewController.swift in Sources */,
				BA3319B71D9E1E63006BB2A3 /* Lepaoquan-Define.swift in Sources */,
				BAED22DF1D9E5291009DE969 /* UIImageView+WebCache.m in Sources */,
				BAED22DB1D9E5291009DE969 /* UIButton+WebCache.m in Sources */,
				BAED22EE1D9E6123009DE969 /* HomeViewController.swift in Sources */,
				BAED22E01D9E5291009DE969 /* UIView+WebCacheOperation.m in Sources */,
				BA3319B51D9E1E3D006BB2A3 /* Lepaoquan-Notification.swift in Sources */,
				BAED22DA1D9E5291009DE969 /* SDWebImagePrefetcher.m in Sources */,
				BAED22D21D9E5291009DE969 /* README.md in Sources */,
				BAED22CF1D9E5291009DE969 /* UIView+MJExtension.m in Sources */,
				BAED22C91D9E5291009DE969 /* MJRefreshNormalHeader.m in Sources */,
				BAED22DC1D9E5291009DE969 /* UIImage+GIF.m in Sources */,
				BA3319E41D9E2149006BB2A3 /* UIImageExtension.swift in Sources */,
				BAED22BE1D9E5291009DE969 /* MJRefreshBackFooter.m in Sources */,
				BAED22E21D9E54F4009DE969 /* GuideViewController.swift in Sources */,
				BAED22641D9E5018009DE969 /* ADViewController.swift in Sources */,
				BAED22D51D9E5291009DE969 /* SDWebImageCompat.m in Sources */,
				BAED22D41D9E5291009DE969 /* SDImageCache.m in Sources */,
				BAED22E41D9E5512009DE969 /* AppDelegate.swift in Sources */,
			);
			runOnlyForDeploymentPostprocessing = 0;
		};
		BA3C9BF11D9D010B004477F9 /* Sources */ = {
			isa = PBXSourcesBuildPhase;
			buildActionMask = 2147483647;
			files = (
				BA3C9BFA1D9D010B004477F9 /* lepaoquanTests.swift in Sources */,
			);
			runOnlyForDeploymentPostprocessing = 0;
		};
		BA3C9BFC1D9D010B004477F9 /* Sources */ = {
			isa = PBXSourcesBuildPhase;
			buildActionMask = 2147483647;
			files = (
				BA3C9C051D9D010B004477F9 /* lepaoquanUITests.swift in Sources */,
			);
			runOnlyForDeploymentPostprocessing = 0;
		};
/* End PBXSourcesBuildPhase section */

/* Begin PBXTargetDependency section */
		BA3C9BF71D9D010B004477F9 /* PBXTargetDependency */ = {
			isa = PBXTargetDependency;
			target = BA3C9BDD1D9D010B004477F9 /* lepaoquan */;
			targetProxy = BA3C9BF61D9D010B004477F9 /* PBXContainerItemProxy */;
		};
		BA3C9C021D9D010B004477F9 /* PBXTargetDependency */ = {
			isa = PBXTargetDependency;
			target = BA3C9BDD1D9D010B004477F9 /* lepaoquan */;
			targetProxy = BA3C9C011D9D010B004477F9 /* PBXContainerItemProxy */;
		};
/* End PBXTargetDependency section */

/* Begin PBXVariantGroup section */
		BA3C9BE51D9D010B004477F9 /* Main.storyboard */ = {
			isa = PBXVariantGroup;
			children = (
				BA3C9BE61D9D010B004477F9 /* Base */,
			);
			name = Main.storyboard;
			path = ..;
			sourceTree = "<group>";
		};
		BA3C9BED1D9D010B004477F9 /* LaunchScreen.storyboard */ = {
			isa = PBXVariantGroup;
			children = (
				BA3C9BEE1D9D010B004477F9 /* Base */,
			);
			name = LaunchScreen.storyboard;
			path = ..;
			sourceTree = "<group>";
		};
		BAA959D31D9D102E00A8FFD2 /* Localizable.strings */ = {
			isa = PBXVariantGroup;
			children = (
				BAA959D41D9D102E00A8FFD2 /* Base */,
			);
			name = Localizable.strings;
			path = ../..;
			sourceTree = "<group>";
		};
/* End PBXVariantGroup section */

/* Begin XCBuildConfiguration section */
		BA3C9C071D9D010B004477F9 /* Debug */ = {
			isa = XCBuildConfiguration;
			buildSettings = {
				ALWAYS_SEARCH_USER_PATHS = NO;
				CLANG_ANALYZER_NONNULL = YES;
				CLANG_CXX_LANGUAGE_STANDARD = "gnu++0x";
				CLANG_CXX_LIBRARY = "libc++";
				CLANG_ENABLE_MODULES = YES;
				CLANG_ENABLE_OBJC_ARC = YES;
				CLANG_WARN_BOOL_CONVERSION = YES;
				CLANG_WARN_CONSTANT_CONVERSION = YES;
				CLANG_WARN_DIRECT_OBJC_ISA_USAGE = YES_ERROR;
				CLANG_WARN_DOCUMENTATION_COMMENTS = YES;
				CLANG_WARN_EMPTY_BODY = YES;
				CLANG_WARN_ENUM_CONVERSION = YES;
				CLANG_WARN_INFINITE_RECURSION = YES;
				CLANG_WARN_INT_CONVERSION = YES;
				CLANG_WARN_OBJC_ROOT_CLASS = YES_ERROR;
				CLANG_WARN_SUSPICIOUS_MOVES = YES;
				CLANG_WARN_UNREACHABLE_CODE = YES;
				CLANG_WARN__DUPLICATE_METHOD_MATCH = YES;
				"CODE_SIGN_IDENTITY[sdk=iphoneos*]" = "iPhone Developer";
				COPY_PHASE_STRIP = NO;
				DEBUG_INFORMATION_FORMAT = dwarf;
				ENABLE_STRICT_OBJC_MSGSEND = YES;
				ENABLE_TESTABILITY = YES;
				GCC_C_LANGUAGE_STANDARD = gnu99;
				GCC_DYNAMIC_NO_PIC = NO;
				GCC_NO_COMMON_BLOCKS = YES;
				GCC_OPTIMIZATION_LEVEL = 0;
				GCC_PREPROCESSOR_DEFINITIONS = (
					"DEBUG=1",
					"$(inherited)",
				);
				GCC_WARN_64_TO_32_BIT_CONVERSION = YES;
				GCC_WARN_ABOUT_RETURN_TYPE = YES_ERROR;
				GCC_WARN_UNDECLARED_SELECTOR = YES;
				GCC_WARN_UNINITIALIZED_AUTOS = YES_AGGRESSIVE;
				GCC_WARN_UNUSED_FUNCTION = YES;
				GCC_WARN_UNUSED_VARIABLE = YES;
				IPHONEOS_DEPLOYMENT_TARGET = 10.0;
				MTL_ENABLE_DEBUG_INFO = YES;
				ONLY_ACTIVE_ARCH = YES;
				SDKROOT = iphoneos;
				SWIFT_ACTIVE_COMPILATION_CONDITIONS = DEBUG;
				SWIFT_OPTIMIZATION_LEVEL = "-Onone";
				TARGETED_DEVICE_FAMILY = "1,2";
			};
			name = Debug;
		};
		BA3C9C081D9D010B004477F9 /* Release */ = {
			isa = XCBuildConfiguration;
			buildSettings = {
				ALWAYS_SEARCH_USER_PATHS = NO;
				CLANG_ANALYZER_NONNULL = YES;
				CLANG_CXX_LANGUAGE_STANDARD = "gnu++0x";
				CLANG_CXX_LIBRARY = "libc++";
				CLANG_ENABLE_MODULES = YES;
				CLANG_ENABLE_OBJC_ARC = YES;
				CLANG_WARN_BOOL_CONVERSION = YES;
				CLANG_WARN_CONSTANT_CONVERSION = YES;
				CLANG_WARN_DIRECT_OBJC_ISA_USAGE = YES_ERROR;
				CLANG_WARN_DOCUMENTATION_COMMENTS = YES;
				CLANG_WARN_EMPTY_BODY = YES;
				CLANG_WARN_ENUM_CONVERSION = YES;
				CLANG_WARN_INFINITE_RECURSION = YES;
				CLANG_WARN_INT_CONVERSION = YES;
				CLANG_WARN_OBJC_ROOT_CLASS = YES_ERROR;
				CLANG_WARN_SUSPICIOUS_MOVES = YES;
				CLANG_WARN_UNREACHABLE_CODE = YES;
				CLANG_WARN__DUPLICATE_METHOD_MATCH = YES;
				"CODE_SIGN_IDENTITY[sdk=iphoneos*]" = "iPhone Developer";
				COPY_PHASE_STRIP = NO;
				DEBUG_INFORMATION_FORMAT = "dwarf-with-dsym";
				ENABLE_NS_ASSERTIONS = NO;
				ENABLE_STRICT_OBJC_MSGSEND = YES;
				GCC_C_LANGUAGE_STANDARD = gnu99;
				GCC_NO_COMMON_BLOCKS = YES;
				GCC_WARN_64_TO_32_BIT_CONVERSION = YES;
				GCC_WARN_ABOUT_RETURN_TYPE = YES_ERROR;
				GCC_WARN_UNDECLARED_SELECTOR = YES;
				GCC_WARN_UNINITIALIZED_AUTOS = YES_AGGRESSIVE;
				GCC_WARN_UNUSED_FUNCTION = YES;
				GCC_WARN_UNUSED_VARIABLE = YES;
				IPHONEOS_DEPLOYMENT_TARGET = 10.0;
				MTL_ENABLE_DEBUG_INFO = NO;
				SDKROOT = iphoneos;
				SWIFT_OPTIMIZATION_LEVEL = "-Owholemodule";
				TARGETED_DEVICE_FAMILY = "1,2";
				VALIDATE_PRODUCT = YES;
			};
			name = Release;
		};
		BA3C9C0A1D9D010B004477F9 /* Debug */ = {
			isa = XCBuildConfiguration;
			buildSettings = {
				ASSETCATALOG_COMPILER_APPICON_NAME = AppIcon;
				DEVELOPMENT_TEAM = H5KK8772L3;
				INFOPLIST_FILE = lepaoquan/Info.plist;
				LD_RUNPATH_SEARCH_PATHS = "$(inherited) @executable_path/Frameworks";
				PRODUCT_BUNDLE_IDENTIFIER = Jessica.lepaoquan;
				PRODUCT_NAME = "$(TARGET_NAME)";
				SWIFT_OBJC_BRIDGING_HEADER = lepaoquan/Lepaoquan_Bridge_Header.h;
				SWIFT_VERSION = 3.0;
			};
			name = Debug;
		};
		BA3C9C0B1D9D010B004477F9 /* Release */ = {
			isa = XCBuildConfiguration;
			buildSettings = {
				ASSETCATALOG_COMPILER_APPICON_NAME = AppIcon;
				DEVELOPMENT_TEAM = H5KK8772L3;
				INFOPLIST_FILE = lepaoquan/Info.plist;
				LD_RUNPATH_SEARCH_PATHS = "$(inherited) @executable_path/Frameworks";
				PRODUCT_BUNDLE_IDENTIFIER = Jessica.lepaoquan;
				PRODUCT_NAME = "$(TARGET_NAME)";
				SWIFT_OBJC_BRIDGING_HEADER = lepaoquan/Lepaoquan_Bridge_Header.h;
				SWIFT_VERSION = 3.0;
			};
			name = Release;
		};
		BA3C9C0D1D9D010B004477F9 /* Debug */ = {
			isa = XCBuildConfiguration;
			buildSettings = {
				ALWAYS_EMBED_SWIFT_STANDARD_LIBRARIES = YES;
				BUNDLE_LOADER = "$(TEST_HOST)";
				INFOPLIST_FILE = lepaoquanTests/Info.plist;
				LD_RUNPATH_SEARCH_PATHS = "$(inherited) @executable_path/Frameworks @loader_path/Frameworks";
				PRODUCT_BUNDLE_IDENTIFIER = Jessica.lepaoquanTests;
				PRODUCT_NAME = "$(TARGET_NAME)";
				SWIFT_VERSION = 3.0;
				TEST_HOST = "$(BUILT_PRODUCTS_DIR)/lepaoquan.app/lepaoquan";
			};
			name = Debug;
		};
		BA3C9C0E1D9D010B004477F9 /* Release */ = {
			isa = XCBuildConfiguration;
			buildSettings = {
				ALWAYS_EMBED_SWIFT_STANDARD_LIBRARIES = YES;
				BUNDLE_LOADER = "$(TEST_HOST)";
				INFOPLIST_FILE = lepaoquanTests/Info.plist;
				LD_RUNPATH_SEARCH_PATHS = "$(inherited) @executable_path/Frameworks @loader_path/Frameworks";
				PRODUCT_BUNDLE_IDENTIFIER = Jessica.lepaoquanTests;
				PRODUCT_NAME = "$(TARGET_NAME)";
				SWIFT_VERSION = 3.0;
				TEST_HOST = "$(BUILT_PRODUCTS_DIR)/lepaoquan.app/lepaoquan";
			};
			name = Release;
		};
		BA3C9C101D9D010B004477F9 /* Debug */ = {
			isa = XCBuildConfiguration;
			buildSettings = {
				ALWAYS_EMBED_SWIFT_STANDARD_LIBRARIES = YES;
				INFOPLIST_FILE = lepaoquanUITests/Info.plist;
				LD_RUNPATH_SEARCH_PATHS = "$(inherited) @executable_path/Frameworks @loader_path/Frameworks";
				PRODUCT_BUNDLE_IDENTIFIER = Jessica.lepaoquanUITests;
				PRODUCT_NAME = "$(TARGET_NAME)";
				SWIFT_VERSION = 3.0;
				TEST_TARGET_NAME = lepaoquan;
			};
			name = Debug;
		};
		BA3C9C111D9D010B004477F9 /* Release */ = {
			isa = XCBuildConfiguration;
			buildSettings = {
				ALWAYS_EMBED_SWIFT_STANDARD_LIBRARIES = YES;
				INFOPLIST_FILE = lepaoquanUITests/Info.plist;
				LD_RUNPATH_SEARCH_PATHS = "$(inherited) @executable_path/Frameworks @loader_path/Frameworks";
				PRODUCT_BUNDLE_IDENTIFIER = Jessica.lepaoquanUITests;
				PRODUCT_NAME = "$(TARGET_NAME)";
				SWIFT_VERSION = 3.0;
				TEST_TARGET_NAME = lepaoquan;
			};
			name = Release;
		};
/* End XCBuildConfiguration section */

/* Begin XCConfigurationList section */
		BA3C9BD91D9D010B004477F9 /* Build configuration list for PBXProject "lepaoquan" */ = {
			isa = XCConfigurationList;
			buildConfigurations = (
				BA3C9C071D9D010B004477F9 /* Debug */,
				BA3C9C081D9D010B004477F9 /* Release */,
			);
			defaultConfigurationIsVisible = 0;
			defaultConfigurationName = Release;
		};
		BA3C9C091D9D010B004477F9 /* Build configuration list for PBXNativeTarget "lepaoquan" */ = {
			isa = XCConfigurationList;
			buildConfigurations = (
				BA3C9C0A1D9D010B004477F9 /* Debug */,
				BA3C9C0B1D9D010B004477F9 /* Release */,
			);
			defaultConfigurationIsVisible = 0;
			defaultConfigurationName = Release;
		};
		BA3C9C0C1D9D010B004477F9 /* Build configuration list for PBXNativeTarget "lepaoquanTests" */ = {
			isa = XCConfigurationList;
			buildConfigurations = (
				BA3C9C0D1D9D010B004477F9 /* Debug */,
				BA3C9C0E1D9D010B004477F9 /* Release */,
			);
			defaultConfigurationIsVisible = 0;
			defaultConfigurationName = Release;
		};
		BA3C9C0F1D9D010B004477F9 /* Build configuration list for PBXNativeTarget "lepaoquanUITests" */ = {
			isa = XCConfigurationList;
			buildConfigurations = (
				BA3C9C101D9D010B004477F9 /* Debug */,
				BA3C9C111D9D010B004477F9 /* Release */,
			);
			defaultConfigurationIsVisible = 0;
			defaultConfigurationName = Release;
		};
/* End XCConfigurationList section */
	};
	rootObject = BA3C9BD61D9D010B004477F9 /* Project object */;
}
