// !$*UTF8*$!
{
	archiveVersion = 1;
	classes = {
	};
	objectVersion = 46;
	objects = {

/* Begin PBXBuildFile section */
		BA1B3C751D9D0D0D00B3F5F6 /* colors.txt in Resources */ = {isa = PBXBuildFile; fileRef = BA1B3C741D9D0D0D00B3F5F6 /* colors.txt */; };
		BA3C9BE71D9D010B004477F9 /* Main.storyboard in Resources */ = {isa = PBXBuildFile; fileRef = BA3C9BE51D9D010B004477F9 /* Main.storyboard */; };
		BA3C9BEC1D9D010B004477F9 /* Assets.xcassets in Resources */ = {isa = PBXBuildFile; fileRef = BA3C9BEB1D9D010B004477F9 /* Assets.xcassets */; };
		BA3C9BEF1D9D010B004477F9 /* LaunchScreen.storyboard in Resources */ = {isa = PBXBuildFile; fileRef = BA3C9BED1D9D010B004477F9 /* LaunchScreen.storyboard */; };
		BA3C9BFA1D9D010B004477F9 /* lepaoquanTests.swift in Sources */ = {isa = PBXBuildFile; fileRef = BA3C9BF91D9D010B004477F9 /* lepaoquanTests.swift */; };
		BA3C9C051D9D010B004477F9 /* lepaoquanUITests.swift in Sources */ = {isa = PBXBuildFile; fileRef = BA3C9C041D9D010B004477F9 /* lepaoquanUITests.swift */; };
		BAA959D61D9D102E00A8FFD2 /* Localizable.strings in Resources */ = {isa = PBXBuildFile; fileRef = BAA959D31D9D102E00A8FFD2 /* Localizable.strings */; };
		BAA959DB1D9D127800A8FFD2 /* JavaScriptCore.framework in Frameworks */ = {isa = PBXBuildFile; fileRef = BAA959DA1D9D127800A8FFD2 /* JavaScriptCore.framework */; };
		BAA959DD1D9D130400A8FFD2 /* SystemConfiguration.framework in Frameworks */ = {isa = PBXBuildFile; fileRef = BAA959DC1D9D130400A8FFD2 /* SystemConfiguration.framework */; };
		BAA959DF1D9D130B00A8FFD2 /* AVFoundation.framework in Frameworks */ = {isa = PBXBuildFile; fileRef = BAA959DE1D9D130B00A8FFD2 /* AVFoundation.framework */; };
		BAA959E11D9D131B00A8FFD2 /* CoreMotion.framework in Frameworks */ = {isa = PBXBuildFile; fileRef = BAA959E01D9D131B00A8FFD2 /* CoreMotion.framework */; };
		BAA959E31D9D132300A8FFD2 /* OpenGLES.framework in Frameworks */ = {isa = PBXBuildFile; fileRef = BAA959E21D9D132300A8FFD2 /* OpenGLES.framework */; };
		BAA959E51D9D132F00A8FFD2 /* CoreMedia.framework in Frameworks */ = {isa = PBXBuildFile; fileRef = BAA959E41D9D132F00A8FFD2 /* CoreMedia.framework */; };
		BAA959E71D9D133800A8FFD2 /* CoreVideo.framework in Frameworks */ = {isa = PBXBuildFile; fileRef = BAA959E61D9D133800A8FFD2 /* CoreVideo.framework */; };
		BAA959E91D9D134800A8FFD2 /* libsqlite3.tbd in Frameworks */ = {isa = PBXBuildFile; fileRef = BAA959E81D9D134800A8FFD2 /* libsqlite3.tbd */; };
		BAA959EB1D9D134F00A8FFD2 /* CoreText.framework in Frameworks */ = {isa = PBXBuildFile; fileRef = BAA959EA1D9D134F00A8FFD2 /* CoreText.framework */; };
		BAA959ED1D9D135700A8FFD2 /* CoreTelephony.framework in Frameworks */ = {isa = PBXBuildFile; fileRef = BAA959EC1D9D135700A8FFD2 /* CoreTelephony.framework */; };
		BAA959EF1D9D135E00A8FFD2 /* Security.framework in Frameworks */ = {isa = PBXBuildFile; fileRef = BAA959EE1D9D135E00A8FFD2 /* Security.framework */; };
		BAA959F11D9D136500A8FFD2 /* libz.1.2.5.tbd in Frameworks */ = {isa = PBXBuildFile; fileRef = BAA959F01D9D136500A8FFD2 /* libz.1.2.5.tbd */; };
		BAA959F31D9D137500A8FFD2 /* QuartzCore.framework in Frameworks */ = {isa = PBXBuildFile; fileRef = BAA959F21D9D137500A8FFD2 /* QuartzCore.framework */; };
		BAA95A181D9D155700A8FFD2 /* AppDelegate.swift in Sources */ = {isa = PBXBuildFile; fileRef = BAA95A161D9D155700A8FFD2 /* AppDelegate.swift */; };
		BAA95A191D9D155700A8FFD2 /* BaseViewController.swift in Sources */ = {isa = PBXBuildFile; fileRef = BAA95A171D9D155700A8FFD2 /* BaseViewController.swift */; };
		BAF964591D9D041900A310C4 /* ColorsDefine.swift in Sources */ = {isa = PBXBuildFile; fileRef = BAF9644B1D9D041900A310C4 /* ColorsDefine.swift */; };
		BAF9645A1D9D041900A310C4 /* ImageDefine.swift in Sources */ = {isa = PBXBuildFile; fileRef = BAF9644C1D9D041900A310C4 /* ImageDefine.swift */; };
		BAF9645B1D9D041900A310C4 /* LocalizableDefine.swift in Sources */ = {isa = PBXBuildFile; fileRef = BAF9644D1D9D041900A310C4 /* LocalizableDefine.swift */; };
		BAF9645C1D9D041900A310C4 /* StoryboardDefine.swift in Sources */ = {isa = PBXBuildFile; fileRef = BAF9644E1D9D041900A310C4 /* StoryboardDefine.swift */; };
/* End PBXBuildFile section */

/* Begin PBXContainerItemProxy section */
		BA3C9BF61D9D010B004477F9 /* PBXContainerItemProxy */ = {
			isa = PBXContainerItemProxy;
			containerPortal = BA3C9BD61D9D010B004477F9 /* Project object */;
			proxyType = 1;
			remoteGlobalIDString = BA3C9BDD1D9D010B004477F9;
			remoteInfo = lepaoquan;
		};
		BA3C9C011D9D010B004477F9 /* PBXContainerItemProxy */ = {
			isa = PBXContainerItemProxy;
			containerPortal = BA3C9BD61D9D010B004477F9 /* Project object */;
			proxyType = 1;
			remoteGlobalIDString = BA3C9BDD1D9D010B004477F9;
			remoteInfo = lepaoquan;
		};
/* End PBXContainerItemProxy section */

/* Begin PBXFileReference section */
		BA1B3C741D9D0D0D00B3F5F6 /* colors.txt */ = {isa = PBXFileReference; fileEncoding = 4; lastKnownFileType = text; path = colors.txt; sourceTree = "<group>"; };
		BA3C9BDE1D9D010B004477F9 /* lepaoquan.app */ = {isa = PBXFileReference; explicitFileType = wrapper.application; includeInIndex = 0; path = lepaoquan.app; sourceTree = BUILT_PRODUCTS_DIR; };
		BA3C9BE61D9D010B004477F9 /* Base */ = {isa = PBXFileReference; lastKnownFileType = file.storyboard; name = Base; path = Base.lproj/Main.storyboard; sourceTree = "<group>"; };
		BA3C9BEB1D9D010B004477F9 /* Assets.xcassets */ = {isa = PBXFileReference; lastKnownFileType = folder.assetcatalog; path = Assets.xcassets; sourceTree = "<group>"; };
		BA3C9BEE1D9D010B004477F9 /* Base */ = {isa = PBXFileReference; lastKnownFileType = file.storyboard; name = Base; path = Base.lproj/LaunchScreen.storyboard; sourceTree = "<group>"; };
		BA3C9BF01D9D010B004477F9 /* Info.plist */ = {isa = PBXFileReference; lastKnownFileType = text.plist.xml; path = Info.plist; sourceTree = "<group>"; };
		BA3C9BF51D9D010B004477F9 /* lepaoquanTests.xctest */ = {isa = PBXFileReference; explicitFileType = wrapper.cfbundle; includeInIndex = 0; path = lepaoquanTests.xctest; sourceTree = BUILT_PRODUCTS_DIR; };
		BA3C9BF91D9D010B004477F9 /* lepaoquanTests.swift */ = {isa = PBXFileReference; lastKnownFileType = sourcecode.swift; path = lepaoquanTests.swift; sourceTree = "<group>"; };
		BA3C9BFB1D9D010B004477F9 /* Info.plist */ = {isa = PBXFileReference; lastKnownFileType = text.plist.xml; path = Info.plist; sourceTree = "<group>"; };
		BA3C9C001D9D010B004477F9 /* lepaoquanUITests.xctest */ = {isa = PBXFileReference; explicitFileType = wrapper.cfbundle; includeInIndex = 0; path = lepaoquanUITests.xctest; sourceTree = BUILT_PRODUCTS_DIR; };
		BA3C9C041D9D010B004477F9 /* lepaoquanUITests.swift */ = {isa = PBXFileReference; lastKnownFileType = sourcecode.swift; path = lepaoquanUITests.swift; sourceTree = "<group>"; };
		BA3C9C061D9D010B004477F9 /* Info.plist */ = {isa = PBXFileReference; lastKnownFileType = text.plist.xml; path = Info.plist; sourceTree = "<group>"; };
		BAA959D41D9D102E00A8FFD2 /* Base */ = {isa = PBXFileReference; lastKnownFileType = text.plist.strings; name = Base; path = Base.lproj/Localizable.strings; sourceTree = "<group>"; };
		BAA959DA1D9D127800A8FFD2 /* JavaScriptCore.framework */ = {isa = PBXFileReference; lastKnownFileType = wrapper.framework; name = JavaScriptCore.framework; path = System/Library/Frameworks/JavaScriptCore.framework; sourceTree = SDKROOT; };
		BAA959DC1D9D130400A8FFD2 /* SystemConfiguration.framework */ = {isa = PBXFileReference; lastKnownFileType = wrapper.framework; name = SystemConfiguration.framework; path = System/Library/Frameworks/SystemConfiguration.framework; sourceTree = SDKROOT; };
		BAA959DE1D9D130B00A8FFD2 /* AVFoundation.framework */ = {isa = PBXFileReference; lastKnownFileType = wrapper.framework; name = AVFoundation.framework; path = System/Library/Frameworks/AVFoundation.framework; sourceTree = SDKROOT; };
		BAA959E01D9D131B00A8FFD2 /* CoreMotion.framework */ = {isa = PBXFileReference; lastKnownFileType = wrapper.framework; name = CoreMotion.framework; path = System/Library/Frameworks/CoreMotion.framework; sourceTree = SDKROOT; };
		BAA959E21D9D132300A8FFD2 /* OpenGLES.framework */ = {isa = PBXFileReference; lastKnownFileType = wrapper.framework; name = OpenGLES.framework; path = System/Library/Frameworks/OpenGLES.framework; sourceTree = SDKROOT; };
		BAA959E41D9D132F00A8FFD2 /* CoreMedia.framework */ = {isa = PBXFileReference; lastKnownFileType = wrapper.framework; name = CoreMedia.framework; path = System/Library/Frameworks/CoreMedia.framework; sourceTree = SDKROOT; };
		BAA959E61D9D133800A8FFD2 /* CoreVideo.framework */ = {isa = PBXFileReference; lastKnownFileType = wrapper.framework; name = CoreVideo.framework; path = System/Library/Frameworks/CoreVideo.framework; sourceTree = SDKROOT; };
		BAA959E81D9D134800A8FFD2 /* libsqlite3.tbd */ = {isa = PBXFileReference; lastKnownFileType = "sourcecode.text-based-dylib-definition"; name = libsqlite3.tbd; path = usr/lib/libsqlite3.tbd; sourceTree = SDKROOT; };
		BAA959EA1D9D134F00A8FFD2 /* CoreText.framework */ = {isa = PBXFileReference; lastKnownFileType = wrapper.framework; name = CoreText.framework; path = System/Library/Frameworks/CoreText.framework; sourceTree = SDKROOT; };
		BAA959EC1D9D135700A8FFD2 /* CoreTelephony.framework */ = {isa = PBXFileReference; lastKnownFileType = wrapper.framework; name = CoreTelephony.framework; path = System/Library/Frameworks/CoreTelephony.framework; sourceTree = SDKROOT; };
		BAA959EE1D9D135E00A8FFD2 /* Security.framework */ = {isa = PBXFileReference; lastKnownFileType = wrapper.framework; name = Security.framework; path = System/Library/Frameworks/Security.framework; sourceTree = SDKROOT; };
		BAA959F01D9D136500A8FFD2 /* libz.1.2.5.tbd */ = {isa = PBXFileReference; lastKnownFileType = "sourcecode.text-based-dylib-definition"; name = libz.1.2.5.tbd; path = usr/lib/libz.1.2.5.tbd; sourceTree = SDKROOT; };
		BAA959F21D9D137500A8FFD2 /* QuartzCore.framework */ = {isa = PBXFileReference; lastKnownFileType = wrapper.framework; name = QuartzCore.framework; path = System/Library/Frameworks/QuartzCore.framework; sourceTree = SDKROOT; };
		BAA95A161D9D155700A8FFD2 /* AppDelegate.swift */ = {isa = PBXFileReference; fileEncoding = 4; lastKnownFileType = sourcecode.swift; path = AppDelegate.swift; sourceTree = "<group>"; };
		BAA95A171D9D155700A8FFD2 /* BaseViewController.swift */ = {isa = PBXFileReference; fileEncoding = 4; lastKnownFileType = sourcecode.swift; path = BaseViewController.swift; sourceTree = "<group>"; };
		BAF9644B1D9D041900A310C4 /* ColorsDefine.swift */ = {isa = PBXFileReference; fileEncoding = 4; lastKnownFileType = sourcecode.swift; path = ColorsDefine.swift; sourceTree = "<group>"; };
		BAF9644C1D9D041900A310C4 /* ImageDefine.swift */ = {isa = PBXFileReference; fileEncoding = 4; lastKnownFileType = sourcecode.swift; path = ImageDefine.swift; sourceTree = "<group>"; };
		BAF9644D1D9D041900A310C4 /* LocalizableDefine.swift */ = {isa = PBXFileReference; fileEncoding = 4; lastKnownFileType = sourcecode.swift; path = LocalizableDefine.swift; sourceTree = "<group>"; };
		BAF9644E1D9D041900A310C4 /* StoryboardDefine.swift */ = {isa = PBXFileReference; fileEncoding = 4; lastKnownFileType = sourcecode.swift; path = StoryboardDefine.swift; sourceTree = "<group>"; };
/* End PBXFileReference section */

/* Begin PBXFrameworksBuildPhase section */
		BA3C9BDB1D9D010B004477F9 /* Frameworks */ = {
			isa = PBXFrameworksBuildPhase;
			buildActionMask = 2147483647;
			files = (
				BAA959F31D9D137500A8FFD2 /* QuartzCore.framework in Frameworks */,
				BAA959F11D9D136500A8FFD2 /* libz.1.2.5.tbd in Frameworks */,
				BAA959EF1D9D135E00A8FFD2 /* Security.framework in Frameworks */,
				BAA959ED1D9D135700A8FFD2 /* CoreTelephony.framework in Frameworks */,
				BAA959EB1D9D134F00A8FFD2 /* CoreText.framework in Frameworks */,
				BAA959E91D9D134800A8FFD2 /* libsqlite3.tbd in Frameworks */,
				BAA959E71D9D133800A8FFD2 /* CoreVideo.framework in Frameworks */,
				BAA959E51D9D132F00A8FFD2 /* CoreMedia.framework in Frameworks */,
				BAA959E31D9D132300A8FFD2 /* OpenGLES.framework in Frameworks */,
				BAA959E11D9D131B00A8FFD2 /* CoreMotion.framework in Frameworks */,
				BAA959DF1D9D130B00A8FFD2 /* AVFoundation.framework in Frameworks */,
				BAA959DD1D9D130400A8FFD2 /* SystemConfiguration.framework in Frameworks */,
				BAA959DB1D9D127800A8FFD2 /* JavaScriptCore.framework in Frameworks */,
			);
			runOnlyForDeploymentPostprocessing = 0;
		};
		BA3C9BF21D9D010B004477F9 /* Frameworks */ = {
			isa = PBXFrameworksBuildPhase;
			buildActionMask = 2147483647;
			files = (
			);
			runOnlyForDeploymentPostprocessing = 0;
		};
		BA3C9BFD1D9D010B004477F9 /* Frameworks */ = {
			isa = PBXFrameworksBuildPhase;
			buildActionMask = 2147483647;
			files = (
			);
			runOnlyForDeploymentPostprocessing = 0;
		};
/* End PBXFrameworksBuildPhase section */

/* Begin PBXGroup section */
		BA3C9BD51D9D010B004477F9 = {
			isa = PBXGroup;
			children = (
				BA3C9BE01D9D010B004477F9 /* lepaoquan */,
				BA3C9BF81D9D010B004477F9 /* lepaoquanTests */,
				BA3C9C031D9D010B004477F9 /* lepaoquanUITests */,
				BA3C9BDF1D9D010B004477F9 /* Products */,
				BAA959D91D9D127800A8FFD2 /* Frameworks */,
			);
			sourceTree = "<group>";
		};
		BA3C9BDF1D9D010B004477F9 /* Products */ = {
			isa = PBXGroup;
			children = (
				BA3C9BDE1D9D010B004477F9 /* lepaoquan.app */,
				BA3C9BF51D9D010B004477F9 /* lepaoquanTests.xctest */,
				BA3C9C001D9D010B004477F9 /* lepaoquanUITests.xctest */,
			);
			name = Products;
			sourceTree = "<group>";
		};
		BA3C9BE01D9D010B004477F9 /* lepaoquan */ = {
			isa = PBXGroup;
			children = (
				BAA95A061D9D14B400A8FFD2 /* Root */,
				BAA959FA1D9D14B400A8FFD2 /* Login */,
				BAA959F41D9D14B400A8FFD2 /* Home */,
				BAA95A001D9D14B400A8FFD2 /* Mine */,
				BAF9643E1D9D041900A310C4 /* Common */,
				BAA95A101D9D152200A8FFD2 /* Base */,
				BA3C9BEB1D9D010B004477F9 /* Assets.xcassets */,
				BA3C9BF01D9D010B004477F9 /* Info.plist */,
			);
			path = lepaoquan;
			sourceTree = "<group>";
		};
		BA3C9BF81D9D010B004477F9 /* lepaoquanTests */ = {
			isa = PBXGroup;
			children = (
				BA3C9BF91D9D010B004477F9 /* lepaoquanTests.swift */,
				BA3C9BFB1D9D010B004477F9 /* Info.plist */,
			);
			path = lepaoquanTests;
			sourceTree = "<group>";
		};
		BA3C9C031D9D010B004477F9 /* lepaoquanUITests */ = {
			isa = PBXGroup;
			children = (
				BA3C9C041D9D010B004477F9 /* lepaoquanUITests.swift */,
				BA3C9C061D9D010B004477F9 /* Info.plist */,
			);
			path = lepaoquanUITests;
			sourceTree = "<group>";
		};
		BAA959D91D9D127800A8FFD2 /* Frameworks */ = {
			isa = PBXGroup;
			children = (
				BAA959F21D9D137500A8FFD2 /* QuartzCore.framework */,
				BAA959F01D9D136500A8FFD2 /* libz.1.2.5.tbd */,
				BAA959EE1D9D135E00A8FFD2 /* Security.framework */,
				BAA959EC1D9D135700A8FFD2 /* CoreTelephony.framework */,
				BAA959EA1D9D134F00A8FFD2 /* CoreText.framework */,
				BAA959E81D9D134800A8FFD2 /* libsqlite3.tbd */,
				BAA959E61D9D133800A8FFD2 /* CoreVideo.framework */,
				BAA959E41D9D132F00A8FFD2 /* CoreMedia.framework */,
				BAA959E21D9D132300A8FFD2 /* OpenGLES.framework */,
				BAA959E01D9D131B00A8FFD2 /* CoreMotion.framework */,
				BAA959DE1D9D130B00A8FFD2 /* AVFoundation.framework */,
				BAA959DC1D9D130400A8FFD2 /* SystemConfiguration.framework */,
				BAA959DA1D9D127800A8FFD2 /* JavaScriptCore.framework */,
			);
			name = Frameworks;
			sourceTree = "<group>";
		};
		BAA959F41D9D14B400A8FFD2 /* Home */ = {
			isa = PBXGroup;
			children = (
				BAA959F51D9D14B400A8FFD2 /* Controller */,
				BAA959F61D9D14B400A8FFD2 /* Model */,
				BAA959F71D9D14B400A8FFD2 /* Realm */,
				BAA959F81D9D14B400A8FFD2 /* View */,
				BAA959F91D9D14B400A8FFD2 /* WebApi */,
			);
			path = Home;
			sourceTree = "<group>";
		};
		BAA959F51D9D14B400A8FFD2 /* Controller */ = {
			isa = PBXGroup;
			children = (
			);
			path = Controller;
			sourceTree = "<group>";
		};
		BAA959F61D9D14B400A8FFD2 /* Model */ = {
			isa = PBXGroup;
			children = (
			);
			path = Model;
			sourceTree = "<group>";
		};
		BAA959F71D9D14B400A8FFD2 /* Realm */ = {
			isa = PBXGroup;
			children = (
			);
			path = Realm;
			sourceTree = "<group>";
		};
		BAA959F81D9D14B400A8FFD2 /* View */ = {
			isa = PBXGroup;
			children = (
			);
			path = View;
			sourceTree = "<group>";
		};
		BAA959F91D9D14B400A8FFD2 /* WebApi */ = {
			isa = PBXGroup;
			children = (
			);
			path = WebApi;
			sourceTree = "<group>";
		};
		BAA959FA1D9D14B400A8FFD2 /* Login */ = {
			isa = PBXGroup;
			children = (
				BAA959FB1D9D14B400A8FFD2 /* Controller */,
				BAA959FC1D9D14B400A8FFD2 /* Model */,
				BAA959FD1D9D14B400A8FFD2 /* Realm */,
				BAA959FE1D9D14B400A8FFD2 /* View */,
				BAA959FF1D9D14B400A8FFD2 /* WebApi */,
			);
			path = Login;
			sourceTree = "<group>";
		};
		BAA959FB1D9D14B400A8FFD2 /* Controller */ = {
			isa = PBXGroup;
			children = (
			);
			path = Controller;
			sourceTree = "<group>";
		};
		BAA959FC1D9D14B400A8FFD2 /* Model */ = {
			isa = PBXGroup;
			children = (
			);
			path = Model;
			sourceTree = "<group>";
		};
		BAA959FD1D9D14B400A8FFD2 /* Realm */ = {
			isa = PBXGroup;
			children = (
			);
			path = Realm;
			sourceTree = "<group>";
		};
		BAA959FE1D9D14B400A8FFD2 /* View */ = {
			isa = PBXGroup;
			children = (
			);
			path = View;
			sourceTree = "<group>";
		};
		BAA959FF1D9D14B400A8FFD2 /* WebApi */ = {
			isa = PBXGroup;
			children = (
			);
			path = WebApi;
			sourceTree = "<group>";
		};
		BAA95A001D9D14B400A8FFD2 /* Mine */ = {
			isa = PBXGroup;
			children = (
				BAA95A011D9D14B400A8FFD2 /* Controller */,
				BAA95A021D9D14B400A8FFD2 /* Model */,
				BAA95A031D9D14B400A8FFD2 /* Realm */,
				BAA95A041D9D14B400A8FFD2 /* View */,
				BAA95A051D9D14B400A8FFD2 /* WebApi */,
			);
			path = Mine;
			sourceTree = "<group>";
		};
		BAA95A011D9D14B400A8FFD2 /* Controller */ = {
			isa = PBXGroup;
			children = (
			);
			path = Controller;
			sourceTree = "<group>";
		};
		BAA95A021D9D14B400A8FFD2 /* Model */ = {
			isa = PBXGroup;
			children = (
			);
			path = Model;
			sourceTree = "<group>";
		};
		BAA95A031D9D14B400A8FFD2 /* Realm */ = {
			isa = PBXGroup;
			children = (
			);
			path = Realm;
			sourceTree = "<group>";
		};
		BAA95A041D9D14B400A8FFD2 /* View */ = {
			isa = PBXGroup;
			children = (
			);
			path = View;
			sourceTree = "<group>";
		};
		BAA95A051D9D14B400A8FFD2 /* WebApi */ = {
			isa = PBXGroup;
			children = (
			);
			path = WebApi;
			sourceTree = "<group>";
		};
		BAA95A061D9D14B400A8FFD2 /* Root */ = {
			isa = PBXGroup;
			children = (
				BAA95A111D9D154200A8FFD2 /* Controller */,
				BAA95A121D9D154200A8FFD2 /* Model */,
				BAA95A131D9D154200A8FFD2 /* Realm */,
				BAA95A141D9D154200A8FFD2 /* View */,
				BAA95A151D9D154200A8FFD2 /* WebApi */,
			);
			path = Root;
			sourceTree = "<group>";
		};
		BAA95A101D9D152200A8FFD2 /* Base */ = {
			isa = PBXGroup;
			children = (
				BAA95A161D9D155700A8FFD2 /* AppDelegate.swift */,
				BAA95A171D9D155700A8FFD2 /* BaseViewController.swift */,
				BA3C9BE51D9D010B004477F9 /* Main.storyboard */,
				BA3C9BED1D9D010B004477F9 /* LaunchScreen.storyboard */,
			);
			path = Base;
			sourceTree = "<group>";
		};
		BAA95A111D9D154200A8FFD2 /* Controller */ = {
			isa = PBXGroup;
			children = (
			);
			path = Controller;
			sourceTree = "<group>";
		};
		BAA95A121D9D154200A8FFD2 /* Model */ = {
			isa = PBXGroup;
			children = (
			);
			path = Model;
			sourceTree = "<group>";
		};
		BAA95A131D9D154200A8FFD2 /* Realm */ = {
			isa = PBXGroup;
			children = (
			);
			path = Realm;
			sourceTree = "<group>";
		};
		BAA95A141D9D154200A8FFD2 /* View */ = {
			isa = PBXGroup;
			children = (
			);
			path = View;
			sourceTree = "<group>";
		};
		BAA95A151D9D154200A8FFD2 /* WebApi */ = {
			isa = PBXGroup;
			children = (
			);
			path = WebApi;
			sourceTree = "<group>";
		};
		BAF9643E1D9D041900A310C4 /* Common */ = {
			isa = PBXGroup;
			children = (
				BAF9643F1D9D041900A310C4 /* Extension */,
				BAF964491D9D041900A310C4 /* SwiftGenDefine */,
			);
			path = Common;
			sourceTree = "<group>";
		};
		BAF9643F1D9D041900A310C4 /* Extension */ = {
			isa = PBXGroup;
			children = (
			);
			path = Extension;
			sourceTree = "<group>";
		};
		BAF964491D9D041900A310C4 /* SwiftGenDefine */ = {
			isa = PBXGroup;
			children = (
				BAA959D31D9D102E00A8FFD2 /* Localizable.strings */,
				BA1B3C741D9D0D0D00B3F5F6 /* colors.txt */,
				BAF9644B1D9D041900A310C4 /* ColorsDefine.swift */,
				BAF9644C1D9D041900A310C4 /* ImageDefine.swift */,
				BAF9644D1D9D041900A310C4 /* LocalizableDefine.swift */,
				BAF9644E1D9D041900A310C4 /* StoryboardDefine.swift */,
			);
			path = SwiftGenDefine;
			sourceTree = "<group>";
		};
/* End PBXGroup section */

/* Begin PBXNativeTarget section */
		BA3C9BDD1D9D010B004477F9 /* lepaoquan */ = {
			isa = PBXNativeTarget;
			buildConfigurationList = BA3C9C091D9D010B004477F9 /* Build configuration list for PBXNativeTarget "lepaoquan" */;
			buildPhases = (
				BA3C9BDA1D9D010B004477F9 /* Sources */,
				BA3C9BDB1D9D010B004477F9 /* Frameworks */,
				BA3C9BDC1D9D010B004477F9 /* Resources */,
			);
			buildRules = (
			);
			dependencies = (
			);
			name = lepaoquan;
			productName = lepaoquan;
			productReference = BA3C9BDE1D9D010B004477F9 /* lepaoquan.app */;
			productType = "com.apple.product-type.application";
		};
		BA3C9BF41D9D010B004477F9 /* lepaoquanTests */ = {
			isa = PBXNativeTarget;
			buildConfigurationList = BA3C9C0C1D9D010B004477F9 /* Build configuration list for PBXNativeTarget "lepaoquanTests" */;
			buildPhases = (
				BA3C9BF11D9D010B004477F9 /* Sources */,
				BA3C9BF21D9D010B004477F9 /* Frameworks */,
				BA3C9BF31D9D010B004477F9 /* Resources */,
			);
			buildRules = (
			);
			dependencies = (
				BA3C9BF71D9D010B004477F9 /* PBXTargetDependency */,
			);
			name = lepaoquanTests;
			productName = lepaoquanTests;
			productReference = BA3C9BF51D9D010B004477F9 /* lepaoquanTests.xctest */;
			productType = "com.apple.product-type.bundle.unit-test";
		};
		BA3C9BFF1D9D010B004477F9 /* lepaoquanUITests */ = {
			isa = PBXNativeTarget;
			buildConfigurationList = BA3C9C0F1D9D010B004477F9 /* Build configuration list for PBXNativeTarget "lepaoquanUITests" */;
			buildPhases = (
				BA3C9BFC1D9D010B004477F9 /* Sources */,
				BA3C9BFD1D9D010B004477F9 /* Frameworks */,
				BA3C9BFE1D9D010B004477F9 /* Resources */,
			);
			buildRules = (
			);
			dependencies = (
				BA3C9C021D9D010B004477F9 /* PBXTargetDependency */,
			);
			name = lepaoquanUITests;
			productName = lepaoquanUITests;
			productReference = BA3C9C001D9D010B004477F9 /* lepaoquanUITests.xctest */;
			productType = "com.apple.product-type.bundle.ui-testing";
		};
/* End PBXNativeTarget section */

/* Begin PBXProject section */
		BA3C9BD61D9D010B004477F9 /* Project object */ = {
			isa = PBXProject;
			attributes = {
				LastSwiftUpdateCheck = 0800;
				LastUpgradeCheck = 0800;
				ORGANIZATIONNAME = Jessica;
				TargetAttributes = {
					BA3C9BDD1D9D010B004477F9 = {
						CreatedOnToolsVersion = 8.0;
						DevelopmentTeam = H5KK8772L3;
						ProvisioningStyle = Automatic;
					};
					BA3C9BF41D9D010B004477F9 = {
						CreatedOnToolsVersion = 8.0;
						ProvisioningStyle = Automatic;
						TestTargetID = BA3C9BDD1D9D010B004477F9;
					};
					BA3C9BFF1D9D010B004477F9 = {
						CreatedOnToolsVersion = 8.0;
						ProvisioningStyle = Automatic;
						TestTargetID = BA3C9BDD1D9D010B004477F9;
					};
				};
			};
			buildConfigurationList = BA3C9BD91D9D010B004477F9 /* Build configuration list for PBXProject "lepaoquan" */;
			compatibilityVersion = "Xcode 3.2";
			developmentRegion = English;
			hasScannedForEncodings = 0;
			knownRegions = (
				en,
				Base,
				"zh-Hans",
			);
			mainGroup = BA3C9BD51D9D010B004477F9;
			productRefGroup = BA3C9BDF1D9D010B004477F9 /* Products */;
			projectDirPath = "";
			projectRoot = "";
			targets = (
				BA3C9BDD1D9D010B004477F9 /* lepaoquan */,
				BA3C9BF41D9D010B004477F9 /* lepaoquanTests */,
				BA3C9BFF1D9D010B004477F9 /* lepaoquanUITests */,
			);
		};
/* End PBXProject section */

/* Begin PBXResourcesBuildPhase section */
		BA3C9BDC1D9D010B004477F9 /* Resources */ = {
			isa = PBXResourcesBuildPhase;
			buildActionMask = 2147483647;
			files = (
				BA3C9BEF1D9D010B004477F9 /* LaunchScreen.storyboard in Resources */,
				BAA959D61D9D102E00A8FFD2 /* Localizable.strings in Resources */,
				BA3C9BEC1D9D010B004477F9 /* Assets.xcassets in Resources */,
				BA3C9BE71D9D010B004477F9 /* Main.storyboard in Resources */,
				BA1B3C751D9D0D0D00B3F5F6 /* colors.txt in Resources */,
			);
			runOnlyForDeploymentPostprocessing = 0;
		};
		BA3C9BF31D9D010B004477F9 /* Resources */ = {
			isa = PBXResourcesBuildPhase;
			buildActionMask = 2147483647;
			files = (
			);
			runOnlyForDeploymentPostprocessing = 0;
		};
		BA3C9BFE1D9D010B004477F9 /* Resources */ = {
			isa = PBXResourcesBuildPhase;
			buildActionMask = 2147483647;
			files = (
			);
			runOnlyForDeploymentPostprocessing = 0;
		};
/* End PBXResourcesBuildPhase section */

/* Begin PBXSourcesBuildPhase section */
		BA3C9BDA1D9D010B004477F9 /* Sources */ = {
			isa = PBXSourcesBuildPhase;
			buildActionMask = 2147483647;
			files = (
				BAF964591D9D041900A310C4 /* ColorsDefine.swift in Sources */,
				BAF9645C1D9D041900A310C4 /* StoryboardDefine.swift in Sources */,
				BAF9645A1D9D041900A310C4 /* ImageDefine.swift in Sources */,
				BAA95A181D9D155700A8FFD2 /* AppDelegate.swift in Sources */,
				BAF9645B1D9D041900A310C4 /* LocalizableDefine.swift in Sources */,
				BAA95A191D9D155700A8FFD2 /* BaseViewController.swift in Sources */,
			);
			runOnlyForDeploymentPostprocessing = 0;
		};
		BA3C9BF11D9D010B004477F9 /* Sources */ = {
			isa = PBXSourcesBuildPhase;
			buildActionMask = 2147483647;
			files = (
				BA3C9BFA1D9D010B004477F9 /* lepaoquanTests.swift in Sources */,
			);
			runOnlyForDeploymentPostprocessing = 0;
		};
		BA3C9BFC1D9D010B004477F9 /* Sources */ = {
			isa = PBXSourcesBuildPhase;
			buildActionMask = 2147483647;
			files = (
				BA3C9C051D9D010B004477F9 /* lepaoquanUITests.swift in Sources */,
			);
			runOnlyForDeploymentPostprocessing = 0;
		};
/* End PBXSourcesBuildPhase section */

/* Begin PBXTargetDependency section */
		BA3C9BF71D9D010B004477F9 /* PBXTargetDependency */ = {
			isa = PBXTargetDependency;
			target = BA3C9BDD1D9D010B004477F9 /* lepaoquan */;
			targetProxy = BA3C9BF61D9D010B004477F9 /* PBXContainerItemProxy */;
		};
		BA3C9C021D9D010B004477F9 /* PBXTargetDependency */ = {
			isa = PBXTargetDependency;
			target = BA3C9BDD1D9D010B004477F9 /* lepaoquan */;
			targetProxy = BA3C9C011D9D010B004477F9 /* PBXContainerItemProxy */;
		};
/* End PBXTargetDependency section */

/* Begin PBXVariantGroup section */
		BA3C9BE51D9D010B004477F9 /* Main.storyboard */ = {
			isa = PBXVariantGroup;
			children = (
				BA3C9BE61D9D010B004477F9 /* Base */,
			);
			name = Main.storyboard;
			path = ..;
			sourceTree = "<group>";
		};
		BA3C9BED1D9D010B004477F9 /* LaunchScreen.storyboard */ = {
			isa = PBXVariantGroup;
			children = (
				BA3C9BEE1D9D010B004477F9 /* Base */,
			);
			name = LaunchScreen.storyboard;
			path = ..;
			sourceTree = "<group>";
		};
		BAA959D31D9D102E00A8FFD2 /* Localizable.strings */ = {
			isa = PBXVariantGroup;
			children = (
				BAA959D41D9D102E00A8FFD2 /* Base */,
			);
			name = Localizable.strings;
			path = ../..;
			sourceTree = "<group>";
		};
/* End PBXVariantGroup section */

/* Begin XCBuildConfiguration section */
		BA3C9C071D9D010B004477F9 /* Debug */ = {
			isa = XCBuildConfiguration;
			buildSettings = {
				ALWAYS_SEARCH_USER_PATHS = NO;
				CLANG_ANALYZER_NONNULL = YES;
				CLANG_CXX_LANGUAGE_STANDARD = "gnu++0x";
				CLANG_CXX_LIBRARY = "libc++";
				CLANG_ENABLE_MODULES = YES;
				CLANG_ENABLE_OBJC_ARC = YES;
				CLANG_WARN_BOOL_CONVERSION = YES;
				CLANG_WARN_CONSTANT_CONVERSION = YES;
				CLANG_WARN_DIRECT_OBJC_ISA_USAGE = YES_ERROR;
				CLANG_WARN_DOCUMENTATION_COMMENTS = YES;
				CLANG_WARN_EMPTY_BODY = YES;
				CLANG_WARN_ENUM_CONVERSION = YES;
				CLANG_WARN_INFINITE_RECURSION = YES;
				CLANG_WARN_INT_CONVERSION = YES;
				CLANG_WARN_OBJC_ROOT_CLASS = YES_ERROR;
				CLANG_WARN_SUSPICIOUS_MOVES = YES;
				CLANG_WARN_UNREACHABLE_CODE = YES;
				CLANG_WARN__DUPLICATE_METHOD_MATCH = YES;
				"CODE_SIGN_IDENTITY[sdk=iphoneos*]" = "iPhone Developer";
				COPY_PHASE_STRIP = NO;
				DEBUG_INFORMATION_FORMAT = dwarf;
				ENABLE_STRICT_OBJC_MSGSEND = YES;
				ENABLE_TESTABILITY = YES;
				GCC_C_LANGUAGE_STANDARD = gnu99;
				GCC_DYNAMIC_NO_PIC = NO;
				GCC_NO_COMMON_BLOCKS = YES;
				GCC_OPTIMIZATION_LEVEL = 0;
				GCC_PREPROCESSOR_DEFINITIONS = (
					"DEBUG=1",
					"$(inherited)",
				);
				GCC_WARN_64_TO_32_BIT_CONVERSION = YES;
				GCC_WARN_ABOUT_RETURN_TYPE = YES_ERROR;
				GCC_WARN_UNDECLARED_SELECTOR = YES;
				GCC_WARN_UNINITIALIZED_AUTOS = YES_AGGRESSIVE;
				GCC_WARN_UNUSED_FUNCTION = YES;
				GCC_WARN_UNUSED_VARIABLE = YES;
				IPHONEOS_DEPLOYMENT_TARGET = 10.0;
				MTL_ENABLE_DEBUG_INFO = YES;
				ONLY_ACTIVE_ARCH = YES;
				SDKROOT = iphoneos;
				SWIFT_ACTIVE_COMPILATION_CONDITIONS = DEBUG;
				SWIFT_OPTIMIZATION_LEVEL = "-Onone";
				TARGETED_DEVICE_FAMILY = "1,2";
			};
			name = Debug;
		};
		BA3C9C081D9D010B004477F9 /* Release */ = {
			isa = XCBuildConfiguration;
			buildSettings = {
				ALWAYS_SEARCH_USER_PATHS = NO;
				CLANG_ANALYZER_NONNULL = YES;
				CLANG_CXX_LANGUAGE_STANDARD = "gnu++0x";
				CLANG_CXX_LIBRARY = "libc++";
				CLANG_ENABLE_MODULES = YES;
				CLANG_ENABLE_OBJC_ARC = YES;
				CLANG_WARN_BOOL_CONVERSION = YES;
				CLANG_WARN_CONSTANT_CONVERSION = YES;
				CLANG_WARN_DIRECT_OBJC_ISA_USAGE = YES_ERROR;
				CLANG_WARN_DOCUMENTATION_COMMENTS = YES;
				CLANG_WARN_EMPTY_BODY = YES;
				CLANG_WARN_ENUM_CONVERSION = YES;
				CLANG_WARN_INFINITE_RECURSION = YES;
				CLANG_WARN_INT_CONVERSION = YES;
				CLANG_WARN_OBJC_ROOT_CLASS = YES_ERROR;
				CLANG_WARN_SUSPICIOUS_MOVES = YES;
				CLANG_WARN_UNREACHABLE_CODE = YES;
				CLANG_WARN__DUPLICATE_METHOD_MATCH = YES;
				"CODE_SIGN_IDENTITY[sdk=iphoneos*]" = "iPhone Developer";
				COPY_PHASE_STRIP = NO;
				DEBUG_INFORMATION_FORMAT = "dwarf-with-dsym";
				ENABLE_NS_ASSERTIONS = NO;
				ENABLE_STRICT_OBJC_MSGSEND = YES;
				GCC_C_LANGUAGE_STANDARD = gnu99;
				GCC_NO_COMMON_BLOCKS = YES;
				GCC_WARN_64_TO_32_BIT_CONVERSION = YES;
				GCC_WARN_ABOUT_RETURN_TYPE = YES_ERROR;
				GCC_WARN_UNDECLARED_SELECTOR = YES;
				GCC_WARN_UNINITIALIZED_AUTOS = YES_AGGRESSIVE;
				GCC_WARN_UNUSED_FUNCTION = YES;
				GCC_WARN_UNUSED_VARIABLE = YES;
				IPHONEOS_DEPLOYMENT_TARGET = 10.0;
				MTL_ENABLE_DEBUG_INFO = NO;
				SDKROOT = iphoneos;
				SWIFT_OPTIMIZATION_LEVEL = "-Owholemodule";
				TARGETED_DEVICE_FAMILY = "1,2";
				VALIDATE_PRODUCT = YES;
			};
			name = Release;
		};
		BA3C9C0A1D9D010B004477F9 /* Debug */ = {
			isa = XCBuildConfiguration;
			buildSettings = {
				ASSETCATALOG_COMPILER_APPICON_NAME = AppIcon;
				DEVELOPMENT_TEAM = H5KK8772L3;
				INFOPLIST_FILE = lepaoquan/Info.plist;
				LD_RUNPATH_SEARCH_PATHS = "$(inherited) @executable_path/Frameworks";
				PRODUCT_BUNDLE_IDENTIFIER = Jessica.lepaoquan;
				PRODUCT_NAME = "$(TARGET_NAME)";
				SWIFT_VERSION = 3.0;
			};
			name = Debug;
		};
		BA3C9C0B1D9D010B004477F9 /* Release */ = {
			isa = XCBuildConfiguration;
			buildSettings = {
				ASSETCATALOG_COMPILER_APPICON_NAME = AppIcon;
				DEVELOPMENT_TEAM = H5KK8772L3;
				INFOPLIST_FILE = lepaoquan/Info.plist;
				LD_RUNPATH_SEARCH_PATHS = "$(inherited) @executable_path/Frameworks";
				PRODUCT_BUNDLE_IDENTIFIER = Jessica.lepaoquan;
				PRODUCT_NAME = "$(TARGET_NAME)";
				SWIFT_VERSION = 3.0;
			};
			name = Release;
		};
		BA3C9C0D1D9D010B004477F9 /* Debug */ = {
			isa = XCBuildConfiguration;
			buildSettings = {
				ALWAYS_EMBED_SWIFT_STANDARD_LIBRARIES = YES;
				BUNDLE_LOADER = "$(TEST_HOST)";
				INFOPLIST_FILE = lepaoquanTests/Info.plist;
				LD_RUNPATH_SEARCH_PATHS = "$(inherited) @executable_path/Frameworks @loader_path/Frameworks";
				PRODUCT_BUNDLE_IDENTIFIER = Jessica.lepaoquanTests;
				PRODUCT_NAME = "$(TARGET_NAME)";
				SWIFT_VERSION = 3.0;
				TEST_HOST = "$(BUILT_PRODUCTS_DIR)/lepaoquan.app/lepaoquan";
			};
			name = Debug;
		};
		BA3C9C0E1D9D010B004477F9 /* Release */ = {
			isa = XCBuildConfiguration;
			buildSettings = {
				ALWAYS_EMBED_SWIFT_STANDARD_LIBRARIES = YES;
				BUNDLE_LOADER = "$(TEST_HOST)";
				INFOPLIST_FILE = lepaoquanTests/Info.plist;
				LD_RUNPATH_SEARCH_PATHS = "$(inherited) @executable_path/Frameworks @loader_path/Frameworks";
				PRODUCT_BUNDLE_IDENTIFIER = Jessica.lepaoquanTests;
				PRODUCT_NAME = "$(TARGET_NAME)";
				SWIFT_VERSION = 3.0;
				TEST_HOST = "$(BUILT_PRODUCTS_DIR)/lepaoquan.app/lepaoquan";
			};
			name = Release;
		};
		BA3C9C101D9D010B004477F9 /* Debug */ = {
			isa = XCBuildConfiguration;
			buildSettings = {
				ALWAYS_EMBED_SWIFT_STANDARD_LIBRARIES = YES;
				INFOPLIST_FILE = lepaoquanUITests/Info.plist;
				LD_RUNPATH_SEARCH_PATHS = "$(inherited) @executable_path/Frameworks @loader_path/Frameworks";
				PRODUCT_BUNDLE_IDENTIFIER = Jessica.lepaoquanUITests;
				PRODUCT_NAME = "$(TARGET_NAME)";
				SWIFT_VERSION = 3.0;
				TEST_TARGET_NAME = lepaoquan;
			};
			name = Debug;
		};
		BA3C9C111D9D010B004477F9 /* Release */ = {
			isa = XCBuildConfiguration;
			buildSettings = {
				ALWAYS_EMBED_SWIFT_STANDARD_LIBRARIES = YES;
				INFOPLIST_FILE = lepaoquanUITests/Info.plist;
				LD_RUNPATH_SEARCH_PATHS = "$(inherited) @executable_path/Frameworks @loader_path/Frameworks";
				PRODUCT_BUNDLE_IDENTIFIER = Jessica.lepaoquanUITests;
				PRODUCT_NAME = "$(TARGET_NAME)";
				SWIFT_VERSION = 3.0;
				TEST_TARGET_NAME = lepaoquan;
			};
			name = Release;
		};
/* End XCBuildConfiguration section */

/* Begin XCConfigurationList section */
		BA3C9BD91D9D010B004477F9 /* Build configuration list for PBXProject "lepaoquan" */ = {
			isa = XCConfigurationList;
			buildConfigurations = (
				BA3C9C071D9D010B004477F9 /* Debug */,
				BA3C9C081D9D010B004477F9 /* Release */,
			);
			defaultConfigurationIsVisible = 0;
			defaultConfigurationName = Release;
		};
		BA3C9C091D9D010B004477F9 /* Build configuration list for PBXNativeTarget "lepaoquan" */ = {
			isa = XCConfigurationList;
			buildConfigurations = (
				BA3C9C0A1D9D010B004477F9 /* Debug */,
				BA3C9C0B1D9D010B004477F9 /* Release */,
			);
			defaultConfigurationIsVisible = 0;
			defaultConfigurationName = Release;
		};
		BA3C9C0C1D9D010B004477F9 /* Build configuration list for PBXNativeTarget "lepaoquanTests" */ = {
			isa = XCConfigurationList;
			buildConfigurations = (
				BA3C9C0D1D9D010B004477F9 /* Debug */,
				BA3C9C0E1D9D010B004477F9 /* Release */,
			);
			defaultConfigurationIsVisible = 0;
			defaultConfigurationName = Release;
		};
		BA3C9C0F1D9D010B004477F9 /* Build configuration list for PBXNativeTarget "lepaoquanUITests" */ = {
			isa = XCConfigurationList;
			buildConfigurations = (
				BA3C9C101D9D010B004477F9 /* Debug */,
				BA3C9C111D9D010B004477F9 /* Release */,
			);
			defaultConfigurationIsVisible = 0;
			defaultConfigurationName = Release;
		};
/* End XCConfigurationList section */
	};
	rootObject = BA3C9BD61D9D010B004477F9 /* Project object */;
}
